<?xml version="1.0" encoding="utf-8"?>
<Project ToolsVersion="16.0" xmlns="http://schemas.microsoft.com/developer/msbuild/2003">
  <ItemGroup>
    <ClCompile Include="D:\SRC\Hackett\HFrame\HModule\audio_utils\audio_cd\AudioCDReader.cpp">
      <Filter>Source Files</Filter>
    </ClCompile>
    <ClCompile Include="D:\SRC\Hackett\HFrame\HModule\audio_utils\audio_utils.cpp">
      <Filter>Source Files</Filter>
    </ClCompile>
    <ClCompile Include="D:\SRC\Hackett\HFrame\HModule\audio_utils\gui\AudioAppComponent.cpp">
      <Filter>Source Files</Filter>
    </ClCompile>
    <ClCompile Include="D:\SRC\Hackett\HFrame\HModule\audio_utils\gui\AudioDeviceSelectorComponent.cpp">
      <Filter>Source Files</Filter>
    </ClCompile>
    <ClCompile Include="D:\SRC\Hackett\HFrame\HModule\audio_utils\gui\AudioThumbnail.cpp">
      <Filter>Source Files</Filter>
    </ClCompile>
    <ClCompile Include="D:\SRC\Hackett\HFrame\HModule\audio_utils\gui\AudioThumbnailCache.cpp">
      <Filter>Source Files</Filter>
    </ClCompile>
    <ClCompile Include="D:\SRC\Hackett\HFrame\HModule\audio_utils\gui\AudioVisualiserComponent.cpp">
      <Filter>Source Files</Filter>
    </ClCompile>
    <ClCompile Include="D:\SRC\Hackett\HFrame\HModule\audio_utils\gui\MidiKeyboardComponent.cpp">
      <Filter>Source Files</Filter>
    </ClCompile>
    <ClCompile Include="D:\SRC\Hackett\HFrame\HModule\audio_utils\native\android_BluetoothMidiDevicePairingDialogue.cpp">
      <Filter>Source Files</Filter>
    </ClCompile>
    <ClCompile Include="D:\SRC\Hackett\HFrame\HModule\audio_utils\native\linux_AudioCDReader.cpp">
      <Filter>Source Files</Filter>
    </ClCompile>
    <ClCompile Include="D:\SRC\Hackett\HFrame\HModule\audio_utils\native\linux_BluetoothMidiDevicePairingDialogue.cpp">
      <Filter>Source Files</Filter>
    </ClCompile>
    <ClCompile Include="D:\SRC\Hackett\HFrame\HModule\audio_utils\native\win32_AudioCDBurner.cpp">
      <Filter>Source Files</Filter>
    </ClCompile>
    <ClCompile Include="D:\SRC\Hackett\HFrame\HModule\audio_utils\native\win32_AudioCDReader.cpp">
      <Filter>Source Files</Filter>
    </ClCompile>
    <ClCompile Include="D:\SRC\Hackett\HFrame\HModule\audio_utils\native\win_BluetoothMidiDevicePairingDialogue.cpp">
      <Filter>Source Files</Filter>
    </ClCompile>
    <ClCompile Include="D:\SRC\Hackett\HFrame\HModule\audio_utils\players\AudioProcessorPlayer.cpp">
      <Filter>Source Files</Filter>
    </ClCompile>
    <ClCompile Include="D:\SRC\Hackett\HFrame\HModule\audio_utils\players\SoundPlayer.cpp">
      <Filter>Source Files</Filter>
    </ClCompile>
  </ItemGroup>
  <ItemGroup>
    <ClInclude Include="D:\SRC\Hackett\HFrame\HModule\audio_utils\audio_cd\AudioCDBurner.h">
      <Filter>Header Files</Filter>
    </ClInclude>
    <ClInclude Include="D:\SRC\Hackett\HFrame\HModule\audio_utils\audio_cd\AudioCDReader.h">
      <Filter>Header Files</Filter>
    </ClInclude>
    <ClInclude Include="D:\SRC\Hackett\HFrame\HModule\audio_utils\audio_utils.h">
      <Filter>Header Files</Filter>
    </ClInclude>
    <ClInclude Include="D:\SRC\Hackett\HFrame\HModule\audio_utils\gui\AudioAppComponent.h">
      <Filter>Header Files</Filter>
    </ClInclude>
    <ClInclude Include="D:\SRC\Hackett\HFrame\HModule\audio_utils\gui\AudioDeviceSelectorComponent.h">
      <Filter>Header Files</Filter>
    </ClInclude>
    <ClInclude Include="D:\SRC\Hackett\HFrame\HModule\audio_utils\gui\AudioThumbnail.h">
      <Filter>Header Files</Filter>
    </ClInclude>
    <ClInclude Include="D:\SRC\Hackett\HFrame\HModule\audio_utils\gui\AudioThumbnailBase.h">
      <Filter>Header Files</Filter>
    </ClInclude>
    <ClInclude Include="D:\SRC\Hackett\HFrame\HModule\audio_utils\gui\AudioThumbnailCache.h">
      <Filter>Header Files</Filter>
    </ClInclude>
    <ClInclude Include="D:\SRC\Hackett\HFrame\HModule\audio_utils\gui\AudioVisualiserComponent.h">
      <Filter>Header Files</Filter>
    </ClInclude>
    <ClInclude Include="D:\SRC\Hackett\HFrame\HModule\audio_utils\gui\BluetoothMidiDevicePairingDialogue.h">
      <Filter>Header Files</Filter>
    </ClInclude>
    <ClInclude Include="D:\SRC\Hackett\HFrame\HModule\audio_utils\gui\MidiKeyboardComponent.h">
      <Filter>Header Files</Filter>
    </ClInclude>
    <ClInclude Include="D:\SRC\Hackett\HFrame\HModule\audio_utils\players\AudioProcessorPlayer.h">
      <Filter>Header Files</Filter>
    </ClInclude>
    <ClInclude Include="D:\SRC\Hackett\HFrame\HModule\audio_utils\players\SoundPlayer.h">
      <Filter>Header Files</Filter>
    </ClInclude>
  </ItemGroup>
  <ItemGroup>
    <CustomBuild Include="D:\SRC\Hackett\HFrame\HModule\CMakeLists.txt" />
  </ItemGroup>
  <ItemGroup>
    <Filter Include="Header Files">
      <UniqueIdentifier>{D2F9A494-6C11-38B9-A90E-5993EDDD2C87}</UniqueIdentifier>
    </Filter>
    <Filter Include="Source Files">
      <UniqueIdentifier>{211C770E-3D88-3536-B830-8D45F1A0E0A1}</UniqueIdentifier>
    </Filter>
  </ItemGroup>
</Project>
