<?xml version="1.0" encoding="utf-8"?>
<Project ToolsVersion="16.0" xmlns="http://schemas.microsoft.com/developer/msbuild/2003">
  <ItemGroup>
    <ClCompile Include="D:\SRC\Hackett\HFrame\HModule\audio_basics\audio_basics.cpp">
      <Filter>Source Files</Filter>
    </ClCompile>
    <ClCompile Include="D:\SRC\Hackett\HFrame\HModule\audio_basics\buffers\AudioChannelSet.cpp">
      <Filter>Source Files</Filter>
    </ClCompile>
    <ClCompile Include="D:\SRC\Hackett\HFrame\HModule\audio_basics\buffers\AudioDataConverters.cpp">
      <Filter>Source Files</Filter>
    </ClCompile>
    <ClCompile Include="D:\SRC\Hackett\HFrame\HModule\audio_basics\buffers\AudioProcessLoadMeasurer.cpp">
      <Filter>Source Files</Filter>
    </ClCompile>
    <ClCompile Include="D:\SRC\Hackett\HFrame\HModule\audio_basics\buffers\FloatVectorOperations.cpp">
      <Filter>Source Files</Filter>
    </ClCompile>
    <ClCompile Include="D:\SRC\Hackett\HFrame\HModule\audio_basics\midi\MidiBuffer.cpp">
      <Filter>Source Files</Filter>
    </ClCompile>
    <ClCompile Include="D:\SRC\Hackett\HFrame\HModule\audio_basics\midi\MidiFile.cpp">
      <Filter>Source Files</Filter>
    </ClCompile>
    <ClCompile Include="D:\SRC\Hackett\HFrame\HModule\audio_basics\midi\MidiKeyboardState.cpp">
      <Filter>Source Files</Filter>
    </ClCompile>
    <ClCompile Include="D:\SRC\Hackett\HFrame\HModule\audio_basics\midi\MidiMessage.cpp">
      <Filter>Source Files</Filter>
    </ClCompile>
    <ClCompile Include="D:\SRC\Hackett\HFrame\HModule\audio_basics\midi\MidiMessageSequence.cpp">
      <Filter>Source Files</Filter>
    </ClCompile>
    <ClCompile Include="D:\SRC\Hackett\HFrame\HModule\audio_basics\midi\MidiRPN.cpp">
      <Filter>Source Files</Filter>
    </ClCompile>
    <ClCompile Include="D:\SRC\Hackett\HFrame\HModule\audio_basics\mpe\MPEInstrument.cpp">
      <Filter>Source Files</Filter>
    </ClCompile>
    <ClCompile Include="D:\SRC\Hackett\HFrame\HModule\audio_basics\mpe\MPEMessages.cpp">
      <Filter>Source Files</Filter>
    </ClCompile>
    <ClCompile Include="D:\SRC\Hackett\HFrame\HModule\audio_basics\mpe\MPENote.cpp">
      <Filter>Source Files</Filter>
    </ClCompile>
    <ClCompile Include="D:\SRC\Hackett\HFrame\HModule\audio_basics\mpe\MPESynthesiser.cpp">
      <Filter>Source Files</Filter>
    </ClCompile>
    <ClCompile Include="D:\SRC\Hackett\HFrame\HModule\audio_basics\mpe\MPESynthesiserBase.cpp">
      <Filter>Source Files</Filter>
    </ClCompile>
    <ClCompile Include="D:\SRC\Hackett\HFrame\HModule\audio_basics\mpe\MPESynthesiserVoice.cpp">
      <Filter>Source Files</Filter>
    </ClCompile>
    <ClCompile Include="D:\SRC\Hackett\HFrame\HModule\audio_basics\mpe\MPEUtils.cpp">
      <Filter>Source Files</Filter>
    </ClCompile>
    <ClCompile Include="D:\SRC\Hackett\HFrame\HModule\audio_basics\mpe\MPEValue.cpp">
      <Filter>Source Files</Filter>
    </ClCompile>
    <ClCompile Include="D:\SRC\Hackett\HFrame\HModule\audio_basics\mpe\MPEZoneLayout.cpp">
      <Filter>Source Files</Filter>
    </ClCompile>
    <ClCompile Include="D:\SRC\Hackett\HFrame\HModule\audio_basics\sources\BufferingAudioSource.cpp">
      <Filter>Source Files</Filter>
    </ClCompile>
    <ClCompile Include="D:\SRC\Hackett\HFrame\HModule\audio_basics\sources\ChannelRemappingAudioSource.cpp">
      <Filter>Source Files</Filter>
    </ClCompile>
    <ClCompile Include="D:\SRC\Hackett\HFrame\HModule\audio_basics\sources\IIRFilterAudioSource.cpp">
      <Filter>Source Files</Filter>
    </ClCompile>
    <ClCompile Include="D:\SRC\Hackett\HFrame\HModule\audio_basics\sources\MemoryAudioSource.cpp">
      <Filter>Source Files</Filter>
    </ClCompile>
    <ClCompile Include="D:\SRC\Hackett\HFrame\HModule\audio_basics\sources\MixerAudioSource.cpp">
      <Filter>Source Files</Filter>
    </ClCompile>
    <ClCompile Include="D:\SRC\Hackett\HFrame\HModule\audio_basics\sources\ResamplingAudioSource.cpp">
      <Filter>Source Files</Filter>
    </ClCompile>
    <ClCompile Include="D:\SRC\Hackett\HFrame\HModule\audio_basics\sources\ReverbAudioSource.cpp">
      <Filter>Source Files</Filter>
    </ClCompile>
    <ClCompile Include="D:\SRC\Hackett\HFrame\HModule\audio_basics\sources\ToneGeneratorAudioSource.cpp">
      <Filter>Source Files</Filter>
    </ClCompile>
    <ClCompile Include="D:\SRC\Hackett\HFrame\HModule\audio_basics\synthesisers\Synthesiser.cpp">
      <Filter>Source Files</Filter>
    </ClCompile>
    <ClCompile Include="D:\SRC\Hackett\HFrame\HModule\audio_basics\utilities\CatmullRomInterpolator.cpp">
      <Filter>Source Files</Filter>
    </ClCompile>
    <ClCompile Include="D:\SRC\Hackett\HFrame\HModule\audio_basics\utilities\IIRFilter.cpp">
      <Filter>Source Files</Filter>
    </ClCompile>
    <ClCompile Include="D:\SRC\Hackett\HFrame\HModule\audio_basics\utilities\LagrangeInterpolator.cpp">
      <Filter>Source Files</Filter>
    </ClCompile>
    <ClCompile Include="D:\SRC\Hackett\HFrame\HModule\audio_basics\utilities\SmoothedValue.cpp">
      <Filter>Source Files</Filter>
    </ClCompile>
  </ItemGroup>
  <ItemGroup>
    <ClInclude Include="D:\SRC\Hackett\HFrame\HModule\audio_basics\audio_basics.h">
      <Filter>Header Files</Filter>
    </ClInclude>
    <ClInclude Include="D:\SRC\Hackett\HFrame\HModule\audio_basics\audio_play_head\AudioPlayHead.h">
      <Filter>Header Files</Filter>
    </ClInclude>
    <ClInclude Include="D:\SRC\Hackett\HFrame\HModule\audio_basics\buffers\AudioChannelSet.h">
      <Filter>Header Files</Filter>
    </ClInclude>
    <ClInclude Include="D:\SRC\Hackett\HFrame\HModule\audio_basics\buffers\AudioDataConverters.h">
      <Filter>Header Files</Filter>
    </ClInclude>
    <ClInclude Include="D:\SRC\Hackett\HFrame\HModule\audio_basics\buffers\AudioProcessLoadMeasurer.h">
      <Filter>Header Files</Filter>
    </ClInclude>
    <ClInclude Include="D:\SRC\Hackett\HFrame\HModule\audio_basics\buffers\AudioSampleBuffer.h">
      <Filter>Header Files</Filter>
    </ClInclude>
    <ClInclude Include="D:\SRC\Hackett\HFrame\HModule\audio_basics\buffers\FloatVectorOperations.h">
      <Filter>Header Files</Filter>
    </ClInclude>
    <ClInclude Include="D:\SRC\Hackett\HFrame\HModule\audio_basics\midi\MidiBuffer.h">
      <Filter>Header Files</Filter>
    </ClInclude>
    <ClInclude Include="D:\SRC\Hackett\HFrame\HModule\audio_basics\midi\MidiFile.h">
      <Filter>Header Files</Filter>
    </ClInclude>
    <ClInclude Include="D:\SRC\Hackett\HFrame\HModule\audio_basics\midi\MidiKeyboardState.h">
      <Filter>Header Files</Filter>
    </ClInclude>
    <ClInclude Include="D:\SRC\Hackett\HFrame\HModule\audio_basics\midi\MidiMessage.h">
      <Filter>Header Files</Filter>
    </ClInclude>
    <ClInclude Include="D:\SRC\Hackett\HFrame\HModule\audio_basics\midi\MidiMessageSequence.h">
      <Filter>Header Files</Filter>
    </ClInclude>
    <ClInclude Include="D:\SRC\Hackett\HFrame\HModule\audio_basics\midi\MidiRPN.h">
      <Filter>Header Files</Filter>
    </ClInclude>
    <ClInclude Include="D:\SRC\Hackett\HFrame\HModule\audio_basics\mpe\MPEInstrument.h">
      <Filter>Header Files</Filter>
    </ClInclude>
    <ClInclude Include="D:\SRC\Hackett\HFrame\HModule\audio_basics\mpe\MPEMessages.h">
      <Filter>Header Files</Filter>
    </ClInclude>
    <ClInclude Include="D:\SRC\Hackett\HFrame\HModule\audio_basics\mpe\MPENote.h">
      <Filter>Header Files</Filter>
    </ClInclude>
    <ClInclude Include="D:\SRC\Hackett\HFrame\HModule\audio_basics\mpe\MPESynthesiser.h">
      <Filter>Header Files</Filter>
    </ClInclude>
    <ClInclude Include="D:\SRC\Hackett\HFrame\HModule\audio_basics\mpe\MPESynthesiserBase.h">
      <Filter>Header Files</Filter>
    </ClInclude>
    <ClInclude Include="D:\SRC\Hackett\HFrame\HModule\audio_basics\mpe\MPESynthesiserVoice.h">
      <Filter>Header Files</Filter>
    </ClInclude>
    <ClInclude Include="D:\SRC\Hackett\HFrame\HModule\audio_basics\mpe\MPEUtils.h">
      <Filter>Header Files</Filter>
    </ClInclude>
    <ClInclude Include="D:\SRC\Hackett\HFrame\HModule\audio_basics\mpe\MPEValue.h">
      <Filter>Header Files</Filter>
    </ClInclude>
    <ClInclude Include="D:\SRC\Hackett\HFrame\HModule\audio_basics\mpe\MPEZoneLayout.h">
      <Filter>Header Files</Filter>
    </ClInclude>
    <ClInclude Include="D:\SRC\Hackett\HFrame\HModule\audio_basics\native\mac_CoreAudioLayouts.h">
      <Filter>Header Files</Filter>
    </ClInclude>
    <ClInclude Include="D:\SRC\Hackett\HFrame\HModule\audio_basics\sources\AudioSource.h">
      <Filter>Header Files</Filter>
    </ClInclude>
    <ClInclude Include="D:\SRC\Hackett\HFrame\HModule\audio_basics\sources\BufferingAudioSource.h">
      <Filter>Header Files</Filter>
    </ClInclude>
    <ClInclude Include="D:\SRC\Hackett\HFrame\HModule\audio_basics\sources\ChannelRemappingAudioSource.h">
      <Filter>Header Files</Filter>
    </ClInclude>
    <ClInclude Include="D:\SRC\Hackett\HFrame\HModule\audio_basics\sources\IIRFilterAudioSource.h">
      <Filter>Header Files</Filter>
    </ClInclude>
    <ClInclude Include="D:\SRC\Hackett\HFrame\HModule\audio_basics\sources\MemoryAudioSource.h">
      <Filter>Header Files</Filter>
    </ClInclude>
    <ClInclude Include="D:\SRC\Hackett\HFrame\HModule\audio_basics\sources\MixerAudioSource.h">
      <Filter>Header Files</Filter>
    </ClInclude>
    <ClInclude Include="D:\SRC\Hackett\HFrame\HModule\audio_basics\sources\PositionableAudioSource.h">
      <Filter>Header Files</Filter>
    </ClInclude>
    <ClInclude Include="D:\SRC\Hackett\HFrame\HModule\audio_basics\sources\ResamplingAudioSource.h">
      <Filter>Header Files</Filter>
    </ClInclude>
    <ClInclude Include="D:\SRC\Hackett\HFrame\HModule\audio_basics\sources\ReverbAudioSource.h">
      <Filter>Header Files</Filter>
    </ClInclude>
    <ClInclude Include="D:\SRC\Hackett\HFrame\HModule\audio_basics\sources\ToneGeneratorAudioSource.h">
      <Filter>Header Files</Filter>
    </ClInclude>
    <ClInclude Include="D:\SRC\Hackett\HFrame\HModule\audio_basics\synthesisers\Synthesiser.h">
      <Filter>Header Files</Filter>
    </ClInclude>
    <ClInclude Include="D:\SRC\Hackett\HFrame\HModule\audio_basics\utilities\ADSR.h">
      <Filter>Header Files</Filter>
    </ClInclude>
    <ClInclude Include="D:\SRC\Hackett\HFrame\HModule\audio_basics\utilities\CatmullRomInterpolator.h">
      <Filter>Header Files</Filter>
    </ClInclude>
    <ClInclude Include="D:\SRC\Hackett\HFrame\HModule\audio_basics\utilities\Decibels.h">
      <Filter>Header Files</Filter>
    </ClInclude>
    <ClInclude Include="D:\SRC\Hackett\HFrame\HModule\audio_basics\utilities\IIRFilter.h">
      <Filter>Header Files</Filter>
    </ClInclude>
    <ClInclude Include="D:\SRC\Hackett\HFrame\HModule\audio_basics\utilities\LagrangeInterpolator.h">
      <Filter>Header Files</Filter>
    </ClInclude>
    <ClInclude Include="D:\SRC\Hackett\HFrame\HModule\audio_basics\utilities\Reverb.h">
      <Filter>Header Files</Filter>
    </ClInclude>
    <ClInclude Include="D:\SRC\Hackett\HFrame\HModule\audio_basics\utilities\SmoothedValue.h">
      <Filter>Header Files</Filter>
    </ClInclude>
  </ItemGroup>
  <ItemGroup>
    <CustomBuild Include="D:\SRC\Hackett\HFrame\HModule\CMakeLists.txt" />
  </ItemGroup>
  <ItemGroup>
    <Filter Include="Header Files">
      <UniqueIdentifier>{D2F9A494-6C11-38B9-A90E-5993EDDD2C87}</UniqueIdentifier>
    </Filter>
    <Filter Include="Source Files">
      <UniqueIdentifier>{211C770E-3D88-3536-B830-8D45F1A0E0A1}</UniqueIdentifier>
    </Filter>
  </ItemGroup>
</Project>
