<?xml version="1.0" encoding="utf-8"?>
<Project ToolsVersion="16.0" xmlns="http://schemas.microsoft.com/developer/msbuild/2003">
  <ItemGroup>
    <ClCompile Include="D:\SRC\Hackett\HFrame\HModule\gui_basics\application\Application.cpp">
      <Filter>Source Files</Filter>
    </ClCompile>
    <ClCompile Include="D:\SRC\Hackett\HFrame\HModule\gui_basics\buttons\ArrowButton.cpp">
      <Filter>Source Files</Filter>
    </ClCompile>
    <ClCompile Include="D:\SRC\Hackett\HFrame\HModule\gui_basics\buttons\Button.cpp">
      <Filter>Source Files</Filter>
    </ClCompile>
    <ClCompile Include="D:\SRC\Hackett\HFrame\HModule\gui_basics\buttons\DrawableButton.cpp">
      <Filter>Source Files</Filter>
    </ClCompile>
    <ClCompile Include="D:\SRC\Hackett\HFrame\HModule\gui_basics\buttons\HyperlinkButton.cpp">
      <Filter>Source Files</Filter>
    </ClCompile>
    <ClCompile Include="D:\SRC\Hackett\HFrame\HModule\gui_basics\buttons\ImageButton.cpp">
      <Filter>Source Files</Filter>
    </ClCompile>
    <ClCompile Include="D:\SRC\Hackett\HFrame\HModule\gui_basics\buttons\ShapeButton.cpp">
      <Filter>Source Files</Filter>
    </ClCompile>
    <ClCompile Include="D:\SRC\Hackett\HFrame\HModule\gui_basics\buttons\TextButton.cpp">
      <Filter>Source Files</Filter>
    </ClCompile>
    <ClCompile Include="D:\SRC\Hackett\HFrame\HModule\gui_basics\buttons\ToggleButton.cpp">
      <Filter>Source Files</Filter>
    </ClCompile>
    <ClCompile Include="D:\SRC\Hackett\HFrame\HModule\gui_basics\buttons\ToolbarButton.cpp">
      <Filter>Source Files</Filter>
    </ClCompile>
    <ClCompile Include="D:\SRC\Hackett\HFrame\HModule\gui_basics\commands\ApplicationCommandInfo.cpp">
      <Filter>Source Files</Filter>
    </ClCompile>
    <ClCompile Include="D:\SRC\Hackett\HFrame\HModule\gui_basics\commands\ApplicationCommandManager.cpp">
      <Filter>Source Files</Filter>
    </ClCompile>
    <ClCompile Include="D:\SRC\Hackett\HFrame\HModule\gui_basics\commands\ApplicationCommandTarget.cpp">
      <Filter>Source Files</Filter>
    </ClCompile>
    <ClCompile Include="D:\SRC\Hackett\HFrame\HModule\gui_basics\commands\KeyPressMappingSet.cpp">
      <Filter>Source Files</Filter>
    </ClCompile>
    <ClCompile Include="D:\SRC\Hackett\HFrame\HModule\gui_basics\components\Component.cpp">
      <Filter>Source Files</Filter>
    </ClCompile>
    <ClCompile Include="D:\SRC\Hackett\HFrame\HModule\gui_basics\components\ComponentListener.cpp">
      <Filter>Source Files</Filter>
    </ClCompile>
    <ClCompile Include="D:\SRC\Hackett\HFrame\HModule\gui_basics\components\ModalComponentManager.cpp">
      <Filter>Source Files</Filter>
    </ClCompile>
    <ClCompile Include="D:\SRC\Hackett\HFrame\HModule\gui_basics\desktop\Desktop.cpp">
      <Filter>Source Files</Filter>
    </ClCompile>
    <ClCompile Include="D:\SRC\Hackett\HFrame\HModule\gui_basics\desktop\Displays.cpp">
      <Filter>Source Files</Filter>
    </ClCompile>
    <ClCompile Include="D:\SRC\Hackett\HFrame\HModule\gui_basics\drawables\Drawable.cpp">
      <Filter>Source Files</Filter>
    </ClCompile>
    <ClCompile Include="D:\SRC\Hackett\HFrame\HModule\gui_basics\drawables\DrawableComposite.cpp">
      <Filter>Source Files</Filter>
    </ClCompile>
    <ClCompile Include="D:\SRC\Hackett\HFrame\HModule\gui_basics\drawables\DrawableImage.cpp">
      <Filter>Source Files</Filter>
    </ClCompile>
    <ClCompile Include="D:\SRC\Hackett\HFrame\HModule\gui_basics\drawables\DrawablePath.cpp">
      <Filter>Source Files</Filter>
    </ClCompile>
    <ClCompile Include="D:\SRC\Hackett\HFrame\HModule\gui_basics\drawables\DrawableRectangle.cpp">
      <Filter>Source Files</Filter>
    </ClCompile>
    <ClCompile Include="D:\SRC\Hackett\HFrame\HModule\gui_basics\drawables\DrawableShape.cpp">
      <Filter>Source Files</Filter>
    </ClCompile>
    <ClCompile Include="D:\SRC\Hackett\HFrame\HModule\gui_basics\drawables\DrawableText.cpp">
      <Filter>Source Files</Filter>
    </ClCompile>
    <ClCompile Include="D:\SRC\Hackett\HFrame\HModule\gui_basics\drawables\SVGParser.cpp">
      <Filter>Source Files</Filter>
    </ClCompile>
    <ClCompile Include="D:\SRC\Hackett\HFrame\HModule\gui_basics\filebrowser\ContentSharer.cpp">
      <Filter>Source Files</Filter>
    </ClCompile>
    <ClCompile Include="D:\SRC\Hackett\HFrame\HModule\gui_basics\filebrowser\DirectoryContentsDisplayComponent.cpp">
      <Filter>Source Files</Filter>
    </ClCompile>
    <ClCompile Include="D:\SRC\Hackett\HFrame\HModule\gui_basics\filebrowser\DirectoryContentsList.cpp">
      <Filter>Source Files</Filter>
    </ClCompile>
    <ClCompile Include="D:\SRC\Hackett\HFrame\HModule\gui_basics\filebrowser\FileBrowserComponent.cpp">
      <Filter>Source Files</Filter>
    </ClCompile>
    <ClCompile Include="D:\SRC\Hackett\HFrame\HModule\gui_basics\filebrowser\FileChooser.cpp">
      <Filter>Source Files</Filter>
    </ClCompile>
    <ClCompile Include="D:\SRC\Hackett\HFrame\HModule\gui_basics\filebrowser\FileChooserDialogBox.cpp">
      <Filter>Source Files</Filter>
    </ClCompile>
    <ClCompile Include="D:\SRC\Hackett\HFrame\HModule\gui_basics\filebrowser\FileListComponent.cpp">
      <Filter>Source Files</Filter>
    </ClCompile>
    <ClCompile Include="D:\SRC\Hackett\HFrame\HModule\gui_basics\filebrowser\FileSearchPathListComponent.cpp">
      <Filter>Source Files</Filter>
    </ClCompile>
    <ClCompile Include="D:\SRC\Hackett\HFrame\HModule\gui_basics\filebrowser\FileTreeComponent.cpp">
      <Filter>Source Files</Filter>
    </ClCompile>
    <ClCompile Include="D:\SRC\Hackett\HFrame\HModule\gui_basics\filebrowser\FilenameComponent.cpp">
      <Filter>Source Files</Filter>
    </ClCompile>
    <ClCompile Include="D:\SRC\Hackett\HFrame\HModule\gui_basics\filebrowser\ImagePreviewComponent.cpp">
      <Filter>Source Files</Filter>
    </ClCompile>
    <ClCompile Include="D:\SRC\Hackett\HFrame\HModule\gui_basics\gui_basics.cpp">
      <Filter>Source Files</Filter>
    </ClCompile>
    <ClCompile Include="D:\SRC\Hackett\HFrame\HModule\gui_basics\keyboard\CaretComponent.cpp">
      <Filter>Source Files</Filter>
    </ClCompile>
    <ClCompile Include="D:\SRC\Hackett\HFrame\HModule\gui_basics\keyboard\KeyListener.cpp">
      <Filter>Source Files</Filter>
    </ClCompile>
    <ClCompile Include="D:\SRC\Hackett\HFrame\HModule\gui_basics\keyboard\KeyPress.cpp">
      <Filter>Source Files</Filter>
    </ClCompile>
    <ClCompile Include="D:\SRC\Hackett\HFrame\HModule\gui_basics\keyboard\KeyboardFocusTraverser.cpp">
      <Filter>Source Files</Filter>
    </ClCompile>
    <ClCompile Include="D:\SRC\Hackett\HFrame\HModule\gui_basics\keyboard\ModifierKeys.cpp">
      <Filter>Source Files</Filter>
    </ClCompile>
    <ClCompile Include="D:\SRC\Hackett\HFrame\HModule\gui_basics\layout\ComponentAnimator.cpp">
      <Filter>Source Files</Filter>
    </ClCompile>
    <ClCompile Include="D:\SRC\Hackett\HFrame\HModule\gui_basics\layout\ComponentBoundsConstrainer.cpp">
      <Filter>Source Files</Filter>
    </ClCompile>
    <ClCompile Include="D:\SRC\Hackett\HFrame\HModule\gui_basics\layout\ComponentBuilder.cpp">
      <Filter>Source Files</Filter>
    </ClCompile>
    <ClCompile Include="D:\SRC\Hackett\HFrame\HModule\gui_basics\layout\ComponentMovementWatcher.cpp">
      <Filter>Source Files</Filter>
    </ClCompile>
    <ClCompile Include="D:\SRC\Hackett\HFrame\HModule\gui_basics\layout\ConcertinaPanel.cpp">
      <Filter>Source Files</Filter>
    </ClCompile>
    <ClCompile Include="D:\SRC\Hackett\HFrame\HModule\gui_basics\layout\FlexBox.cpp">
      <Filter>Source Files</Filter>
    </ClCompile>
    <ClCompile Include="D:\SRC\Hackett\HFrame\HModule\gui_basics\layout\Grid.cpp">
      <Filter>Source Files</Filter>
    </ClCompile>
    <ClCompile Include="D:\SRC\Hackett\HFrame\HModule\gui_basics\layout\GridItem.cpp">
      <Filter>Source Files</Filter>
    </ClCompile>
    <ClCompile Include="D:\SRC\Hackett\HFrame\HModule\gui_basics\layout\GroupComponent.cpp">
      <Filter>Source Files</Filter>
    </ClCompile>
    <ClCompile Include="D:\SRC\Hackett\HFrame\HModule\gui_basics\layout\MultiDocumentPanel.cpp">
      <Filter>Source Files</Filter>
    </ClCompile>
    <ClCompile Include="D:\SRC\Hackett\HFrame\HModule\gui_basics\layout\ResizableBorderComponent.cpp">
      <Filter>Source Files</Filter>
    </ClCompile>
    <ClCompile Include="D:\SRC\Hackett\HFrame\HModule\gui_basics\layout\ResizableCornerComponent.cpp">
      <Filter>Source Files</Filter>
    </ClCompile>
    <ClCompile Include="D:\SRC\Hackett\HFrame\HModule\gui_basics\layout\ResizableEdgeComponent.cpp">
      <Filter>Source Files</Filter>
    </ClCompile>
    <ClCompile Include="D:\SRC\Hackett\HFrame\HModule\gui_basics\layout\ScrollBar.cpp">
      <Filter>Source Files</Filter>
    </ClCompile>
    <ClCompile Include="D:\SRC\Hackett\HFrame\HModule\gui_basics\layout\SidePanel.cpp">
      <Filter>Source Files</Filter>
    </ClCompile>
    <ClCompile Include="D:\SRC\Hackett\HFrame\HModule\gui_basics\layout\StretchableLayoutManager.cpp">
      <Filter>Source Files</Filter>
    </ClCompile>
    <ClCompile Include="D:\SRC\Hackett\HFrame\HModule\gui_basics\layout\StretchableLayoutResizerBar.cpp">
      <Filter>Source Files</Filter>
    </ClCompile>
    <ClCompile Include="D:\SRC\Hackett\HFrame\HModule\gui_basics\layout\StretchableObjectResizer.cpp">
      <Filter>Source Files</Filter>
    </ClCompile>
    <ClCompile Include="D:\SRC\Hackett\HFrame\HModule\gui_basics\layout\TabbedButtonBar.cpp">
      <Filter>Source Files</Filter>
    </ClCompile>
    <ClCompile Include="D:\SRC\Hackett\HFrame\HModule\gui_basics\layout\TabbedComponent.cpp">
      <Filter>Source Files</Filter>
    </ClCompile>
    <ClCompile Include="D:\SRC\Hackett\HFrame\HModule\gui_basics\layout\Viewport.cpp">
      <Filter>Source Files</Filter>
    </ClCompile>
    <ClCompile Include="D:\SRC\Hackett\HFrame\HModule\gui_basics\lookandfeel\LookAndFeel.cpp">
      <Filter>Source Files</Filter>
    </ClCompile>
    <ClCompile Include="D:\SRC\Hackett\HFrame\HModule\gui_basics\lookandfeel\LookAndFeel_V1.cpp">
      <Filter>Source Files</Filter>
    </ClCompile>
    <ClCompile Include="D:\SRC\Hackett\HFrame\HModule\gui_basics\lookandfeel\LookAndFeel_V2.cpp">
      <Filter>Source Files</Filter>
    </ClCompile>
    <ClCompile Include="D:\SRC\Hackett\HFrame\HModule\gui_basics\lookandfeel\LookAndFeel_V3.cpp">
      <Filter>Source Files</Filter>
    </ClCompile>
    <ClCompile Include="D:\SRC\Hackett\HFrame\HModule\gui_basics\lookandfeel\LookAndFeel_V4.cpp">
      <Filter>Source Files</Filter>
    </ClCompile>
    <ClCompile Include="D:\SRC\Hackett\HFrame\HModule\gui_basics\menus\BurgerMenuComponent.cpp">
      <Filter>Source Files</Filter>
    </ClCompile>
    <ClCompile Include="D:\SRC\Hackett\HFrame\HModule\gui_basics\menus\MenuBarComponent.cpp">
      <Filter>Source Files</Filter>
    </ClCompile>
    <ClCompile Include="D:\SRC\Hackett\HFrame\HModule\gui_basics\menus\MenuBarModel.cpp">
      <Filter>Source Files</Filter>
    </ClCompile>
    <ClCompile Include="D:\SRC\Hackett\HFrame\HModule\gui_basics\menus\PopupMenu.cpp">
      <Filter>Source Files</Filter>
    </ClCompile>
    <ClCompile Include="D:\SRC\Hackett\HFrame\HModule\gui_basics\misc\BubbleComponent.cpp">
      <Filter>Source Files</Filter>
    </ClCompile>
    <ClCompile Include="D:\SRC\Hackett\HFrame\HModule\gui_basics\misc\DropShadower.cpp">
      <Filter>Source Files</Filter>
    </ClCompile>
    <ClCompile Include="D:\SRC\Hackett\HFrame\HModule\gui_basics\misc\JUCESplashScreen.cpp">
      <Filter>Source Files</Filter>
    </ClCompile>
    <ClCompile Include="D:\SRC\Hackett\HFrame\HModule\gui_basics\mouse\ComponentDragger.cpp">
      <Filter>Source Files</Filter>
    </ClCompile>
    <ClCompile Include="D:\SRC\Hackett\HFrame\HModule\gui_basics\mouse\DragAndDropContainer.cpp">
      <Filter>Source Files</Filter>
    </ClCompile>
    <ClCompile Include="D:\SRC\Hackett\HFrame\HModule\gui_basics\mouse\MouseCursor.cpp">
      <Filter>Source Files</Filter>
    </ClCompile>
    <ClCompile Include="D:\SRC\Hackett\HFrame\HModule\gui_basics\mouse\MouseEvent.cpp">
      <Filter>Source Files</Filter>
    </ClCompile>
    <ClCompile Include="D:\SRC\Hackett\HFrame\HModule\gui_basics\mouse\MouseInactivityDetector.cpp">
      <Filter>Source Files</Filter>
    </ClCompile>
    <ClCompile Include="D:\SRC\Hackett\HFrame\HModule\gui_basics\mouse\MouseInputSource.cpp">
      <Filter>Source Files</Filter>
    </ClCompile>
    <ClCompile Include="D:\SRC\Hackett\HFrame\HModule\gui_basics\mouse\MouseListener.cpp">
      <Filter>Source Files</Filter>
    </ClCompile>
    <ClCompile Include="D:\SRC\Hackett\HFrame\HModule\gui_basics\native\android_ContentSharer.cpp">
      <Filter>Source Files</Filter>
    </ClCompile>
    <ClCompile Include="D:\SRC\Hackett\HFrame\HModule\gui_basics\native\android_FileChooser.cpp">
      <Filter>Source Files</Filter>
    </ClCompile>
    <ClCompile Include="D:\SRC\Hackett\HFrame\HModule\gui_basics\native\android_Windowing.cpp">
      <Filter>Source Files</Filter>
    </ClCompile>
    <ClCompile Include="D:\SRC\Hackett\HFrame\HModule\gui_basics\native\common_MimeTypes.cpp">
      <Filter>Source Files</Filter>
    </ClCompile>
    <ClCompile Include="D:\SRC\Hackett\HFrame\HModule\gui_basics\native\ios_ContentSharer.cpp">
      <Filter>Source Files</Filter>
    </ClCompile>
    <ClCompile Include="D:\SRC\Hackett\HFrame\HModule\gui_basics\native\linux_FileChooser.cpp">
      <Filter>Source Files</Filter>
    </ClCompile>
    <ClCompile Include="D:\SRC\Hackett\HFrame\HModule\gui_basics\native\linux_X11.cpp">
      <Filter>Source Files</Filter>
    </ClCompile>
    <ClCompile Include="D:\SRC\Hackett\HFrame\HModule\gui_basics\native\linux_X11_Clipboard.cpp">
      <Filter>Source Files</Filter>
    </ClCompile>
    <ClCompile Include="D:\SRC\Hackett\HFrame\HModule\gui_basics\native\linux_X11_Windowing.cpp">
      <Filter>Source Files</Filter>
    </ClCompile>
    <ClCompile Include="D:\SRC\Hackett\HFrame\HModule\gui_basics\native\win32_DragAndDrop.cpp">
      <Filter>Source Files</Filter>
    </ClCompile>
    <ClCompile Include="D:\SRC\Hackett\HFrame\HModule\gui_basics\native\win32_FileChooser.cpp">
      <Filter>Source Files</Filter>
    </ClCompile>
    <ClCompile Include="D:\SRC\Hackett\HFrame\HModule\gui_basics\native\win32_Windowing.cpp">
      <Filter>Source Files</Filter>
    </ClCompile>
    <ClCompile Include="D:\SRC\Hackett\HFrame\HModule\gui_basics\positioning\MarkerList.cpp">
      <Filter>Source Files</Filter>
    </ClCompile>
    <ClCompile Include="D:\SRC\Hackett\HFrame\HModule\gui_basics\positioning\RelativeCoordinate.cpp">
      <Filter>Source Files</Filter>
    </ClCompile>
    <ClCompile Include="D:\SRC\Hackett\HFrame\HModule\gui_basics\positioning\RelativeCoordinatePositioner.cpp">
      <Filter>Source Files</Filter>
    </ClCompile>
    <ClCompile Include="D:\SRC\Hackett\HFrame\HModule\gui_basics\positioning\RelativeParallelogram.cpp">
      <Filter>Source Files</Filter>
    </ClCompile>
    <ClCompile Include="D:\SRC\Hackett\HFrame\HModule\gui_basics\positioning\RelativePoint.cpp">
      <Filter>Source Files</Filter>
    </ClCompile>
    <ClCompile Include="D:\SRC\Hackett\HFrame\HModule\gui_basics\positioning\RelativePointPath.cpp">
      <Filter>Source Files</Filter>
    </ClCompile>
    <ClCompile Include="D:\SRC\Hackett\HFrame\HModule\gui_basics\positioning\RelativeRectangle.cpp">
      <Filter>Source Files</Filter>
    </ClCompile>
    <ClCompile Include="D:\SRC\Hackett\HFrame\HModule\gui_basics\properties\BooleanPropertyComponent.cpp">
      <Filter>Source Files</Filter>
    </ClCompile>
    <ClCompile Include="D:\SRC\Hackett\HFrame\HModule\gui_basics\properties\ButtonPropertyComponent.cpp">
      <Filter>Source Files</Filter>
    </ClCompile>
    <ClCompile Include="D:\SRC\Hackett\HFrame\HModule\gui_basics\properties\ChoicePropertyComponent.cpp">
      <Filter>Source Files</Filter>
    </ClCompile>
    <ClCompile Include="D:\SRC\Hackett\HFrame\HModule\gui_basics\properties\MultiChoicePropertyComponent.cpp">
      <Filter>Source Files</Filter>
    </ClCompile>
    <ClCompile Include="D:\SRC\Hackett\HFrame\HModule\gui_basics\properties\PropertyComponent.cpp">
      <Filter>Source Files</Filter>
    </ClCompile>
    <ClCompile Include="D:\SRC\Hackett\HFrame\HModule\gui_basics\properties\PropertyPanel.cpp">
      <Filter>Source Files</Filter>
    </ClCompile>
    <ClCompile Include="D:\SRC\Hackett\HFrame\HModule\gui_basics\properties\SliderPropertyComponent.cpp">
      <Filter>Source Files</Filter>
    </ClCompile>
    <ClCompile Include="D:\SRC\Hackett\HFrame\HModule\gui_basics\properties\TextPropertyComponent.cpp">
      <Filter>Source Files</Filter>
    </ClCompile>
    <ClCompile Include="D:\SRC\Hackett\HFrame\HModule\gui_basics\widgets\ComboBox.cpp">
      <Filter>Source Files</Filter>
    </ClCompile>
    <ClCompile Include="D:\SRC\Hackett\HFrame\HModule\gui_basics\widgets\ImageComponent.cpp">
      <Filter>Source Files</Filter>
    </ClCompile>
    <ClCompile Include="D:\SRC\Hackett\HFrame\HModule\gui_basics\widgets\Label.cpp">
      <Filter>Source Files</Filter>
    </ClCompile>
    <ClCompile Include="D:\SRC\Hackett\HFrame\HModule\gui_basics\widgets\ListBox.cpp">
      <Filter>Source Files</Filter>
    </ClCompile>
    <ClCompile Include="D:\SRC\Hackett\HFrame\HModule\gui_basics\widgets\ProgressBar.cpp">
      <Filter>Source Files</Filter>
    </ClCompile>
    <ClCompile Include="D:\SRC\Hackett\HFrame\HModule\gui_basics\widgets\Slider.cpp">
      <Filter>Source Files</Filter>
    </ClCompile>
    <ClCompile Include="D:\SRC\Hackett\HFrame\HModule\gui_basics\widgets\TableHeaderComponent.cpp">
      <Filter>Source Files</Filter>
    </ClCompile>
    <ClCompile Include="D:\SRC\Hackett\HFrame\HModule\gui_basics\widgets\TableListBox.cpp">
      <Filter>Source Files</Filter>
    </ClCompile>
    <ClCompile Include="D:\SRC\Hackett\HFrame\HModule\gui_basics\widgets\TextEditor.cpp">
      <Filter>Source Files</Filter>
    </ClCompile>
    <ClCompile Include="D:\SRC\Hackett\HFrame\HModule\gui_basics\widgets\Toolbar.cpp">
      <Filter>Source Files</Filter>
    </ClCompile>
    <ClCompile Include="D:\SRC\Hackett\HFrame\HModule\gui_basics\widgets\ToolbarItemComponent.cpp">
      <Filter>Source Files</Filter>
    </ClCompile>
    <ClCompile Include="D:\SRC\Hackett\HFrame\HModule\gui_basics\widgets\ToolbarItemPalette.cpp">
      <Filter>Source Files</Filter>
    </ClCompile>
    <ClCompile Include="D:\SRC\Hackett\HFrame\HModule\gui_basics\widgets\TreeView.cpp">
      <Filter>Source Files</Filter>
    </ClCompile>
    <ClCompile Include="D:\SRC\Hackett\HFrame\HModule\gui_basics\windows\AlertWindow.cpp">
      <Filter>Source Files</Filter>
    </ClCompile>
    <ClCompile Include="D:\SRC\Hackett\HFrame\HModule\gui_basics\windows\CallOutBox.cpp">
      <Filter>Source Files</Filter>
    </ClCompile>
    <ClCompile Include="D:\SRC\Hackett\HFrame\HModule\gui_basics\windows\ComponentPeer.cpp">
      <Filter>Source Files</Filter>
    </ClCompile>
    <ClCompile Include="D:\SRC\Hackett\HFrame\HModule\gui_basics\windows\DialogWindow.cpp">
      <Filter>Source Files</Filter>
    </ClCompile>
    <ClCompile Include="D:\SRC\Hackett\HFrame\HModule\gui_basics\windows\DocumentWindow.cpp">
      <Filter>Source Files</Filter>
    </ClCompile>
    <ClCompile Include="D:\SRC\Hackett\HFrame\HModule\gui_basics\windows\ResizableWindow.cpp">
      <Filter>Source Files</Filter>
    </ClCompile>
    <ClCompile Include="D:\SRC\Hackett\HFrame\HModule\gui_basics\windows\ThreadWithProgressWindow.cpp">
      <Filter>Source Files</Filter>
    </ClCompile>
    <ClCompile Include="D:\SRC\Hackett\HFrame\HModule\gui_basics\windows\TooltipWindow.cpp">
      <Filter>Source Files</Filter>
    </ClCompile>
    <ClCompile Include="D:\SRC\Hackett\HFrame\HModule\gui_basics\windows\TopLevelWindow.cpp">
      <Filter>Source Files</Filter>
    </ClCompile>
  </ItemGroup>
  <ItemGroup>
    <ClInclude Include="D:\SRC\Hackett\HFrame\HModule\gui_basics\application\Application.h">
      <Filter>Header Files</Filter>
    </ClInclude>
    <ClInclude Include="D:\SRC\Hackett\HFrame\HModule\gui_basics\buttons\ArrowButton.h">
      <Filter>Header Files</Filter>
    </ClInclude>
    <ClInclude Include="D:\SRC\Hackett\HFrame\HModule\gui_basics\buttons\Button.h">
      <Filter>Header Files</Filter>
    </ClInclude>
    <ClInclude Include="D:\SRC\Hackett\HFrame\HModule\gui_basics\buttons\DrawableButton.h">
      <Filter>Header Files</Filter>
    </ClInclude>
    <ClInclude Include="D:\SRC\Hackett\HFrame\HModule\gui_basics\buttons\HyperlinkButton.h">
      <Filter>Header Files</Filter>
    </ClInclude>
    <ClInclude Include="D:\SRC\Hackett\HFrame\HModule\gui_basics\buttons\ImageButton.h">
      <Filter>Header Files</Filter>
    </ClInclude>
    <ClInclude Include="D:\SRC\Hackett\HFrame\HModule\gui_basics\buttons\ShapeButton.h">
      <Filter>Header Files</Filter>
    </ClInclude>
    <ClInclude Include="D:\SRC\Hackett\HFrame\HModule\gui_basics\buttons\TextButton.h">
      <Filter>Header Files</Filter>
    </ClInclude>
    <ClInclude Include="D:\SRC\Hackett\HFrame\HModule\gui_basics\buttons\ToggleButton.h">
      <Filter>Header Files</Filter>
    </ClInclude>
    <ClInclude Include="D:\SRC\Hackett\HFrame\HModule\gui_basics\buttons\ToolbarButton.h">
      <Filter>Header Files</Filter>
    </ClInclude>
    <ClInclude Include="D:\SRC\Hackett\HFrame\HModule\gui_basics\commands\ApplicationCommandID.h">
      <Filter>Header Files</Filter>
    </ClInclude>
    <ClInclude Include="D:\SRC\Hackett\HFrame\HModule\gui_basics\commands\ApplicationCommandInfo.h">
      <Filter>Header Files</Filter>
    </ClInclude>
    <ClInclude Include="D:\SRC\Hackett\HFrame\HModule\gui_basics\commands\ApplicationCommandManager.h">
      <Filter>Header Files</Filter>
    </ClInclude>
    <ClInclude Include="D:\SRC\Hackett\HFrame\HModule\gui_basics\commands\ApplicationCommandTarget.h">
      <Filter>Header Files</Filter>
    </ClInclude>
    <ClInclude Include="D:\SRC\Hackett\HFrame\HModule\gui_basics\commands\KeyPressMappingSet.h">
      <Filter>Header Files</Filter>
    </ClInclude>
    <ClInclude Include="D:\SRC\Hackett\HFrame\HModule\gui_basics\components\CachedComponentImage.h">
      <Filter>Header Files</Filter>
    </ClInclude>
    <ClInclude Include="D:\SRC\Hackett\HFrame\HModule\gui_basics\components\Component.h">
      <Filter>Header Files</Filter>
    </ClInclude>
    <ClInclude Include="D:\SRC\Hackett\HFrame\HModule\gui_basics\components\ComponentListener.h">
      <Filter>Header Files</Filter>
    </ClInclude>
    <ClInclude Include="D:\SRC\Hackett\HFrame\HModule\gui_basics\components\ModalComponentManager.h">
      <Filter>Header Files</Filter>
    </ClInclude>
    <ClInclude Include="D:\SRC\Hackett\HFrame\HModule\gui_basics\desktop\Desktop.h">
      <Filter>Header Files</Filter>
    </ClInclude>
    <ClInclude Include="D:\SRC\Hackett\HFrame\HModule\gui_basics\desktop\Displays.h">
      <Filter>Header Files</Filter>
    </ClInclude>
    <ClInclude Include="D:\SRC\Hackett\HFrame\HModule\gui_basics\drawables\Drawable.h">
      <Filter>Header Files</Filter>
    </ClInclude>
    <ClInclude Include="D:\SRC\Hackett\HFrame\HModule\gui_basics\drawables\DrawableComposite.h">
      <Filter>Header Files</Filter>
    </ClInclude>
    <ClInclude Include="D:\SRC\Hackett\HFrame\HModule\gui_basics\drawables\DrawableImage.h">
      <Filter>Header Files</Filter>
    </ClInclude>
    <ClInclude Include="D:\SRC\Hackett\HFrame\HModule\gui_basics\drawables\DrawablePath.h">
      <Filter>Header Files</Filter>
    </ClInclude>
    <ClInclude Include="D:\SRC\Hackett\HFrame\HModule\gui_basics\drawables\DrawableRectangle.h">
      <Filter>Header Files</Filter>
    </ClInclude>
    <ClInclude Include="D:\SRC\Hackett\HFrame\HModule\gui_basics\drawables\DrawableShape.h">
      <Filter>Header Files</Filter>
    </ClInclude>
    <ClInclude Include="D:\SRC\Hackett\HFrame\HModule\gui_basics\drawables\DrawableText.h">
      <Filter>Header Files</Filter>
    </ClInclude>
    <ClInclude Include="D:\SRC\Hackett\HFrame\HModule\gui_basics\filebrowser\ContentSharer.h">
      <Filter>Header Files</Filter>
    </ClInclude>
    <ClInclude Include="D:\SRC\Hackett\HFrame\HModule\gui_basics\filebrowser\DirectoryContentsDisplayComponent.h">
      <Filter>Header Files</Filter>
    </ClInclude>
    <ClInclude Include="D:\SRC\Hackett\HFrame\HModule\gui_basics\filebrowser\DirectoryContentsList.h">
      <Filter>Header Files</Filter>
    </ClInclude>
    <ClInclude Include="D:\SRC\Hackett\HFrame\HModule\gui_basics\filebrowser\FileBrowserComponent.h">
      <Filter>Header Files</Filter>
    </ClInclude>
    <ClInclude Include="D:\SRC\Hackett\HFrame\HModule\gui_basics\filebrowser\FileBrowserListener.h">
      <Filter>Header Files</Filter>
    </ClInclude>
    <ClInclude Include="D:\SRC\Hackett\HFrame\HModule\gui_basics\filebrowser\FileChooser.h">
      <Filter>Header Files</Filter>
    </ClInclude>
    <ClInclude Include="D:\SRC\Hackett\HFrame\HModule\gui_basics\filebrowser\FileChooserDialogBox.h">
      <Filter>Header Files</Filter>
    </ClInclude>
    <ClInclude Include="D:\SRC\Hackett\HFrame\HModule\gui_basics\filebrowser\FileListComponent.h">
      <Filter>Header Files</Filter>
    </ClInclude>
    <ClInclude Include="D:\SRC\Hackett\HFrame\HModule\gui_basics\filebrowser\FilePreviewComponent.h">
      <Filter>Header Files</Filter>
    </ClInclude>
    <ClInclude Include="D:\SRC\Hackett\HFrame\HModule\gui_basics\filebrowser\FileSearchPathListComponent.h">
      <Filter>Header Files</Filter>
    </ClInclude>
    <ClInclude Include="D:\SRC\Hackett\HFrame\HModule\gui_basics\filebrowser\FileTreeComponent.h">
      <Filter>Header Files</Filter>
    </ClInclude>
    <ClInclude Include="D:\SRC\Hackett\HFrame\HModule\gui_basics\filebrowser\FilenameComponent.h">
      <Filter>Header Files</Filter>
    </ClInclude>
    <ClInclude Include="D:\SRC\Hackett\HFrame\HModule\gui_basics\filebrowser\ImagePreviewComponent.h">
      <Filter>Header Files</Filter>
    </ClInclude>
    <ClInclude Include="D:\SRC\Hackett\HFrame\HModule\gui_basics\gui_basics.h">
      <Filter>Header Files</Filter>
    </ClInclude>
    <ClInclude Include="D:\SRC\Hackett\HFrame\HModule\gui_basics\keyboard\CaretComponent.h">
      <Filter>Header Files</Filter>
    </ClInclude>
    <ClInclude Include="D:\SRC\Hackett\HFrame\HModule\gui_basics\keyboard\KeyListener.h">
      <Filter>Header Files</Filter>
    </ClInclude>
    <ClInclude Include="D:\SRC\Hackett\HFrame\HModule\gui_basics\keyboard\KeyPress.h">
      <Filter>Header Files</Filter>
    </ClInclude>
    <ClInclude Include="D:\SRC\Hackett\HFrame\HModule\gui_basics\keyboard\KeyboardFocusTraverser.h">
      <Filter>Header Files</Filter>
    </ClInclude>
    <ClInclude Include="D:\SRC\Hackett\HFrame\HModule\gui_basics\keyboard\ModifierKeys.h">
      <Filter>Header Files</Filter>
    </ClInclude>
    <ClInclude Include="D:\SRC\Hackett\HFrame\HModule\gui_basics\keyboard\SystemClipboard.h">
      <Filter>Header Files</Filter>
    </ClInclude>
    <ClInclude Include="D:\SRC\Hackett\HFrame\HModule\gui_basics\keyboard\TextEditorKeyMapper.h">
      <Filter>Header Files</Filter>
    </ClInclude>
    <ClInclude Include="D:\SRC\Hackett\HFrame\HModule\gui_basics\keyboard\TextInputTarget.h">
      <Filter>Header Files</Filter>
    </ClInclude>
    <ClInclude Include="D:\SRC\Hackett\HFrame\HModule\gui_basics\layout\AnimatedPosition.h">
      <Filter>Header Files</Filter>
    </ClInclude>
    <ClInclude Include="D:\SRC\Hackett\HFrame\HModule\gui_basics\layout\AnimatedPositionBehaviours.h">
      <Filter>Header Files</Filter>
    </ClInclude>
    <ClInclude Include="D:\SRC\Hackett\HFrame\HModule\gui_basics\layout\ComponentAnimator.h">
      <Filter>Header Files</Filter>
    </ClInclude>
    <ClInclude Include="D:\SRC\Hackett\HFrame\HModule\gui_basics\layout\ComponentBoundsConstrainer.h">
      <Filter>Header Files</Filter>
    </ClInclude>
    <ClInclude Include="D:\SRC\Hackett\HFrame\HModule\gui_basics\layout\ComponentBuilder.h">
      <Filter>Header Files</Filter>
    </ClInclude>
    <ClInclude Include="D:\SRC\Hackett\HFrame\HModule\gui_basics\layout\ComponentMovementWatcher.h">
      <Filter>Header Files</Filter>
    </ClInclude>
    <ClInclude Include="D:\SRC\Hackett\HFrame\HModule\gui_basics\layout\ConcertinaPanel.h">
      <Filter>Header Files</Filter>
    </ClInclude>
    <ClInclude Include="D:\SRC\Hackett\HFrame\HModule\gui_basics\layout\FlexBox.h">
      <Filter>Header Files</Filter>
    </ClInclude>
    <ClInclude Include="D:\SRC\Hackett\HFrame\HModule\gui_basics\layout\FlexItem.h">
      <Filter>Header Files</Filter>
    </ClInclude>
    <ClInclude Include="D:\SRC\Hackett\HFrame\HModule\gui_basics\layout\Grid.h">
      <Filter>Header Files</Filter>
    </ClInclude>
    <ClInclude Include="D:\SRC\Hackett\HFrame\HModule\gui_basics\layout\GridItem.h">
      <Filter>Header Files</Filter>
    </ClInclude>
    <ClInclude Include="D:\SRC\Hackett\HFrame\HModule\gui_basics\layout\GroupComponent.h">
      <Filter>Header Files</Filter>
    </ClInclude>
    <ClInclude Include="D:\SRC\Hackett\HFrame\HModule\gui_basics\layout\MultiDocumentPanel.h">
      <Filter>Header Files</Filter>
    </ClInclude>
    <ClInclude Include="D:\SRC\Hackett\HFrame\HModule\gui_basics\layout\ResizableBorderComponent.h">
      <Filter>Header Files</Filter>
    </ClInclude>
    <ClInclude Include="D:\SRC\Hackett\HFrame\HModule\gui_basics\layout\ResizableCornerComponent.h">
      <Filter>Header Files</Filter>
    </ClInclude>
    <ClInclude Include="D:\SRC\Hackett\HFrame\HModule\gui_basics\layout\ResizableEdgeComponent.h">
      <Filter>Header Files</Filter>
    </ClInclude>
    <ClInclude Include="D:\SRC\Hackett\HFrame\HModule\gui_basics\layout\ScrollBar.h">
      <Filter>Header Files</Filter>
    </ClInclude>
    <ClInclude Include="D:\SRC\Hackett\HFrame\HModule\gui_basics\layout\SidePanel.h">
      <Filter>Header Files</Filter>
    </ClInclude>
    <ClInclude Include="D:\SRC\Hackett\HFrame\HModule\gui_basics\layout\StretchableLayoutManager.h">
      <Filter>Header Files</Filter>
    </ClInclude>
    <ClInclude Include="D:\SRC\Hackett\HFrame\HModule\gui_basics\layout\StretchableLayoutResizerBar.h">
      <Filter>Header Files</Filter>
    </ClInclude>
    <ClInclude Include="D:\SRC\Hackett\HFrame\HModule\gui_basics\layout\StretchableObjectResizer.h">
      <Filter>Header Files</Filter>
    </ClInclude>
    <ClInclude Include="D:\SRC\Hackett\HFrame\HModule\gui_basics\layout\TabbedButtonBar.h">
      <Filter>Header Files</Filter>
    </ClInclude>
    <ClInclude Include="D:\SRC\Hackett\HFrame\HModule\gui_basics\layout\TabbedComponent.h">
      <Filter>Header Files</Filter>
    </ClInclude>
    <ClInclude Include="D:\SRC\Hackett\HFrame\HModule\gui_basics\layout\Viewport.h">
      <Filter>Header Files</Filter>
    </ClInclude>
    <ClInclude Include="D:\SRC\Hackett\HFrame\HModule\gui_basics\lookandfeel\LookAndFeel.h">
      <Filter>Header Files</Filter>
    </ClInclude>
    <ClInclude Include="D:\SRC\Hackett\HFrame\HModule\gui_basics\lookandfeel\LookAndFeel_V1.h">
      <Filter>Header Files</Filter>
    </ClInclude>
    <ClInclude Include="D:\SRC\Hackett\HFrame\HModule\gui_basics\lookandfeel\LookAndFeel_V2.h">
      <Filter>Header Files</Filter>
    </ClInclude>
    <ClInclude Include="D:\SRC\Hackett\HFrame\HModule\gui_basics\lookandfeel\LookAndFeel_V3.h">
      <Filter>Header Files</Filter>
    </ClInclude>
    <ClInclude Include="D:\SRC\Hackett\HFrame\HModule\gui_basics\lookandfeel\LookAndFeel_V4.h">
      <Filter>Header Files</Filter>
    </ClInclude>
    <ClInclude Include="D:\SRC\Hackett\HFrame\HModule\gui_basics\menus\BurgerMenuComponent.h">
      <Filter>Header Files</Filter>
    </ClInclude>
    <ClInclude Include="D:\SRC\Hackett\HFrame\HModule\gui_basics\menus\MenuBarComponent.h">
      <Filter>Header Files</Filter>
    </ClInclude>
    <ClInclude Include="D:\SRC\Hackett\HFrame\HModule\gui_basics\menus\MenuBarModel.h">
      <Filter>Header Files</Filter>
    </ClInclude>
    <ClInclude Include="D:\SRC\Hackett\HFrame\HModule\gui_basics\menus\PopupMenu.h">
      <Filter>Header Files</Filter>
    </ClInclude>
    <ClInclude Include="D:\SRC\Hackett\HFrame\HModule\gui_basics\misc\BubbleComponent.h">
      <Filter>Header Files</Filter>
    </ClInclude>
    <ClInclude Include="D:\SRC\Hackett\HFrame\HModule\gui_basics\misc\DropShadower.h">
      <Filter>Header Files</Filter>
    </ClInclude>
    <ClInclude Include="D:\SRC\Hackett\HFrame\HModule\gui_basics\misc\JUCESplashScreen.h">
      <Filter>Header Files</Filter>
    </ClInclude>
    <ClInclude Include="D:\SRC\Hackett\HFrame\HModule\gui_basics\mouse\ComponentDragger.h">
      <Filter>Header Files</Filter>
    </ClInclude>
    <ClInclude Include="D:\SRC\Hackett\HFrame\HModule\gui_basics\mouse\DragAndDropContainer.h">
      <Filter>Header Files</Filter>
    </ClInclude>
    <ClInclude Include="D:\SRC\Hackett\HFrame\HModule\gui_basics\mouse\DragAndDropTarget.h">
      <Filter>Header Files</Filter>
    </ClInclude>
    <ClInclude Include="D:\SRC\Hackett\HFrame\HModule\gui_basics\mouse\FileDragAndDropTarget.h">
      <Filter>Header Files</Filter>
    </ClInclude>
    <ClInclude Include="D:\SRC\Hackett\HFrame\HModule\gui_basics\mouse\LassoComponent.h">
      <Filter>Header Files</Filter>
    </ClInclude>
    <ClInclude Include="D:\SRC\Hackett\HFrame\HModule\gui_basics\mouse\MouseCursor.h">
      <Filter>Header Files</Filter>
    </ClInclude>
    <ClInclude Include="D:\SRC\Hackett\HFrame\HModule\gui_basics\mouse\MouseEvent.h">
      <Filter>Header Files</Filter>
    </ClInclude>
    <ClInclude Include="D:\SRC\Hackett\HFrame\HModule\gui_basics\mouse\MouseInactivityDetector.h">
      <Filter>Header Files</Filter>
    </ClInclude>
    <ClInclude Include="D:\SRC\Hackett\HFrame\HModule\gui_basics\mouse\MouseInputSource.h">
      <Filter>Header Files</Filter>
    </ClInclude>
    <ClInclude Include="D:\SRC\Hackett\HFrame\HModule\gui_basics\mouse\MouseListener.h">
      <Filter>Header Files</Filter>
    </ClInclude>
    <ClInclude Include="D:\SRC\Hackett\HFrame\HModule\gui_basics\mouse\SelectedItemSet.h">
      <Filter>Header Files</Filter>
    </ClInclude>
    <ClInclude Include="D:\SRC\Hackett\HFrame\HModule\gui_basics\mouse\TextDragAndDropTarget.h">
      <Filter>Header Files</Filter>
    </ClInclude>
    <ClInclude Include="D:\SRC\Hackett\HFrame\HModule\gui_basics\mouse\TooltipClient.h">
      <Filter>Header Files</Filter>
    </ClInclude>
    <ClInclude Include="D:\SRC\Hackett\HFrame\HModule\gui_basics\native\MultiTouchMapper.h">
      <Filter>Header Files</Filter>
    </ClInclude>
    <ClInclude Include="D:\SRC\Hackett\HFrame\HModule\gui_basics\native\linux_X11.h">
      <Filter>Header Files</Filter>
    </ClInclude>
    <ClInclude Include="D:\SRC\Hackett\HFrame\HModule\gui_basics\positioning\MarkerList.h">
      <Filter>Header Files</Filter>
    </ClInclude>
    <ClInclude Include="D:\SRC\Hackett\HFrame\HModule\gui_basics\positioning\RelativeCoordinate.h">
      <Filter>Header Files</Filter>
    </ClInclude>
    <ClInclude Include="D:\SRC\Hackett\HFrame\HModule\gui_basics\positioning\RelativeCoordinatePositioner.h">
      <Filter>Header Files</Filter>
    </ClInclude>
    <ClInclude Include="D:\SRC\Hackett\HFrame\HModule\gui_basics\positioning\RelativeParallelogram.h">
      <Filter>Header Files</Filter>
    </ClInclude>
    <ClInclude Include="D:\SRC\Hackett\HFrame\HModule\gui_basics\positioning\RelativePoint.h">
      <Filter>Header Files</Filter>
    </ClInclude>
    <ClInclude Include="D:\SRC\Hackett\HFrame\HModule\gui_basics\positioning\RelativePointPath.h">
      <Filter>Header Files</Filter>
    </ClInclude>
    <ClInclude Include="D:\SRC\Hackett\HFrame\HModule\gui_basics\positioning\RelativeRectangle.h">
      <Filter>Header Files</Filter>
    </ClInclude>
    <ClInclude Include="D:\SRC\Hackett\HFrame\HModule\gui_basics\properties\BooleanPropertyComponent.h">
      <Filter>Header Files</Filter>
    </ClInclude>
    <ClInclude Include="D:\SRC\Hackett\HFrame\HModule\gui_basics\properties\ButtonPropertyComponent.h">
      <Filter>Header Files</Filter>
    </ClInclude>
    <ClInclude Include="D:\SRC\Hackett\HFrame\HModule\gui_basics\properties\ChoicePropertyComponent.h">
      <Filter>Header Files</Filter>
    </ClInclude>
    <ClInclude Include="D:\SRC\Hackett\HFrame\HModule\gui_basics\properties\MultiChoicePropertyComponent.h">
      <Filter>Header Files</Filter>
    </ClInclude>
    <ClInclude Include="D:\SRC\Hackett\HFrame\HModule\gui_basics\properties\PropertyComponent.h">
      <Filter>Header Files</Filter>
    </ClInclude>
    <ClInclude Include="D:\SRC\Hackett\HFrame\HModule\gui_basics\properties\PropertyPanel.h">
      <Filter>Header Files</Filter>
    </ClInclude>
    <ClInclude Include="D:\SRC\Hackett\HFrame\HModule\gui_basics\properties\SliderPropertyComponent.h">
      <Filter>Header Files</Filter>
    </ClInclude>
    <ClInclude Include="D:\SRC\Hackett\HFrame\HModule\gui_basics\properties\TextPropertyComponent.h">
      <Filter>Header Files</Filter>
    </ClInclude>
    <ClInclude Include="D:\SRC\Hackett\HFrame\HModule\gui_basics\widgets\ComboBox.h">
      <Filter>Header Files</Filter>
    </ClInclude>
    <ClInclude Include="D:\SRC\Hackett\HFrame\HModule\gui_basics\widgets\ImageComponent.h">
      <Filter>Header Files</Filter>
    </ClInclude>
    <ClInclude Include="D:\SRC\Hackett\HFrame\HModule\gui_basics\widgets\Label.h">
      <Filter>Header Files</Filter>
    </ClInclude>
    <ClInclude Include="D:\SRC\Hackett\HFrame\HModule\gui_basics\widgets\ListBox.h">
      <Filter>Header Files</Filter>
    </ClInclude>
    <ClInclude Include="D:\SRC\Hackett\HFrame\HModule\gui_basics\widgets\ProgressBar.h">
      <Filter>Header Files</Filter>
    </ClInclude>
    <ClInclude Include="D:\SRC\Hackett\HFrame\HModule\gui_basics\widgets\Slider.h">
      <Filter>Header Files</Filter>
    </ClInclude>
    <ClInclude Include="D:\SRC\Hackett\HFrame\HModule\gui_basics\widgets\TableHeaderComponent.h">
      <Filter>Header Files</Filter>
    </ClInclude>
    <ClInclude Include="D:\SRC\Hackett\HFrame\HModule\gui_basics\widgets\TableListBox.h">
      <Filter>Header Files</Filter>
    </ClInclude>
    <ClInclude Include="D:\SRC\Hackett\HFrame\HModule\gui_basics\widgets\TextEditor.h">
      <Filter>Header Files</Filter>
    </ClInclude>
    <ClInclude Include="D:\SRC\Hackett\HFrame\HModule\gui_basics\widgets\Toolbar.h">
      <Filter>Header Files</Filter>
    </ClInclude>
    <ClInclude Include="D:\SRC\Hackett\HFrame\HModule\gui_basics\widgets\ToolbarItemComponent.h">
      <Filter>Header Files</Filter>
    </ClInclude>
    <ClInclude Include="D:\SRC\Hackett\HFrame\HModule\gui_basics\widgets\ToolbarItemFactory.h">
      <Filter>Header Files</Filter>
    </ClInclude>
    <ClInclude Include="D:\SRC\Hackett\HFrame\HModule\gui_basics\widgets\ToolbarItemPalette.h">
      <Filter>Header Files</Filter>
    </ClInclude>
    <ClInclude Include="D:\SRC\Hackett\HFrame\HModule\gui_basics\widgets\TreeView.h">
      <Filter>Header Files</Filter>
    </ClInclude>
    <ClInclude Include="D:\SRC\Hackett\HFrame\HModule\gui_basics\windows\AlertWindow.h">
      <Filter>Header Files</Filter>
    </ClInclude>
    <ClInclude Include="D:\SRC\Hackett\HFrame\HModule\gui_basics\windows\CallOutBox.h">
      <Filter>Header Files</Filter>
    </ClInclude>
    <ClInclude Include="D:\SRC\Hackett\HFrame\HModule\gui_basics\windows\ComponentPeer.h">
      <Filter>Header Files</Filter>
    </ClInclude>
    <ClInclude Include="D:\SRC\Hackett\HFrame\HModule\gui_basics\windows\DialogWindow.h">
      <Filter>Header Files</Filter>
    </ClInclude>
    <ClInclude Include="D:\SRC\Hackett\HFrame\HModule\gui_basics\windows\DocumentWindow.h">
      <Filter>Header Files</Filter>
    </ClInclude>
    <ClInclude Include="D:\SRC\Hackett\HFrame\HModule\gui_basics\windows\NativeMessageBox.h">
      <Filter>Header Files</Filter>
    </ClInclude>
    <ClInclude Include="D:\SRC\Hackett\HFrame\HModule\gui_basics\windows\ResizableWindow.h">
      <Filter>Header Files</Filter>
    </ClInclude>
    <ClInclude Include="D:\SRC\Hackett\HFrame\HModule\gui_basics\windows\ThreadWithProgressWindow.h">
      <Filter>Header Files</Filter>
    </ClInclude>
    <ClInclude Include="D:\SRC\Hackett\HFrame\HModule\gui_basics\windows\TooltipWindow.h">
      <Filter>Header Files</Filter>
    </ClInclude>
    <ClInclude Include="D:\SRC\Hackett\HFrame\HModule\gui_basics\windows\TopLevelWindow.h">
      <Filter>Header Files</Filter>
    </ClInclude>
  </ItemGroup>
  <ItemGroup>
    <CustomBuild Include="D:\SRC\Hackett\HFrame\HModule\CMakeLists.txt" />
  </ItemGroup>
  <ItemGroup>
    <Filter Include="Header Files">
      <UniqueIdentifier>{D2F9A494-6C11-38B9-A90E-5993EDDD2C87}</UniqueIdentifier>
    </Filter>
    <Filter Include="Source Files">
      <UniqueIdentifier>{211C770E-3D88-3536-B830-8D45F1A0E0A1}</UniqueIdentifier>
    </Filter>
  </ItemGroup>
</Project>
