Microsoft Visual Studio Solution File, Format Version 12.00
# Visual Studio 16
Project("{2150E333-8FDC-42A3-9474-1A3956D46DE8}") = "CMakePredefinedTargets", "CMakePredefinedTargets", "{29DB1E52-F02C-3442-B160-EA16F6336C9C}"
EndProject
Project("{2150E333-8FDC-42A3-9474-1A3956D46DE8}") = "HBase", "HBase", "{9E6469E7-38EA-3BF8-8236-660187F404DB}"
EndProject
Project("{2150E333-8FDC-42A3-9474-1A3956D46DE8}") = "HModule", "HModule", "{E549E821-50DA-370B-BD3E-1966CE8CCCB4}"
EndProject
Project("{8BC9CEB8-8B4A-11D0-8D11-00A0C91BC942}") = "ALL_BUILD", "ALL_BUILD.vcxproj", "{22FD9844-3C00-3F38-A0BC-60EFE36D3DBC}"
	ProjectSection(ProjectDependencies) = postProject
		{CE2169B5-5BEF-3DB8-9F0D-BDDAEEACE7A3} = {CE2169B5-5BEF-3DB8-9F0D-BDDAEEACE7A3}
		{4E65E801-8CB0-3557-BCD7-07C50C2D0077} = {4E65E801-8CB0-3557-BCD7-07C50C2D0077}
		{B23B01DE-0A09-351A-BFEE-084C1FDE8CC9} = {B23B01DE-0A09-351A-BFEE-084C1FDE8CC9}
		{2333CFB2-9249-379A-A0FF-9715BDB648E2} = {2333CFB2-9249-379A-A0FF-9715BDB648E2}
		{466F2E59-8FC5-3C7C-A57D-9743D43CDA1E} = {466F2E59-8FC5-3C7C-A57D-9743D43CDA1E}
		{2EB09B35-59F1-33ED-A58A-B07A3840E931} = {2EB09B35-59F1-33ED-A58A-B07A3840E931}
		{0DC440C4-8947-33F4-8C6F-4BA0B442329B} = {0DC440C4-8947-33F4-8C6F-4BA0B442329B}
		{7B2E81BE-95F6-3738-8688-48CDA7A9B7B1} = {7B2E81BE-95F6-3738-8688-48CDA7A9B7B1}
		{F1D06FEC-9400-393B-9B8C-2DC6CD1FA6E1} = {F1D06FEC-9400-393B-9B8C-2DC6CD1FA6E1}
		{CF814C46-8DDE-31E5-980A-15B844B026AD} = {CF814C46-8DDE-31E5-980A-15B844B026AD}
		{46BFBBC2-DE26-309C-B780-8EF2353D96A8} = {46BFBBC2-DE26-309C-B780-8EF2353D96A8}
		{C3C332F8-E5FD-34FB-B208-4C7C29B63552} = {C3C332F8-E5FD-34FB-B208-4C7C29B63552}
		{188E3DAD-39EF-336C-A1D9-9E02A5964F77} = {188E3DAD-39EF-336C-A1D9-9E02A5964F77}
		{FD3F7264-8642-3F3D-B2C1-2B8C7449480C} = {FD3F7264-8642-3F3D-B2C1-2B8C7449480C}
		{84C5D134-7D92-3C96-9E64-66CBF236D9DF} = {84C5D134-7D92-3C96-9E64-66CBF236D9DF}
		{7BE4F36A-F743-3806-B194-A234182DD408} = {7BE4F36A-F743-3806-B194-A234182DD408}
		{609B7C95-C2B6-3270-9AE3-BE8C092FD57D} = {609B7C95-C2B6-3270-9AE3-BE8C092FD57D}
		{92292340-51DE-349B-803A-192AB3848039} = {92292340-51DE-349B-803A-192AB3848039}
		{AFF5B41A-6D00-3395-AD89-EA5F20BF7B3E} = {AFF5B41A-6D00-3395-AD89-EA5F20BF7B3E}
		{BF8323FD-F2D2-3C5B-B54D-D1D1126A739D} = {BF8323FD-F2D2-3C5B-B54D-D1D1126A739D}
		{6D1AACEB-C2FA-3959-AB00-ECECEFBE0911} = {6D1AACEB-C2FA-3959-AB00-ECECEFBE0911}
	EndProjectSection
EndProject
Project("{8BC9CEB8-8B4A-11D0-8D11-00A0C91BC942}") = "HBase", "..\HBase\HBase.vcxproj", "{CB960D62-017D-348E-82B7-03089FC75006}"
	ProjectSection(ProjectDependencies) = postProject
		{CE2169B5-5BEF-3DB8-9F0D-BDDAEEACE7A3} = {CE2169B5-5BEF-3DB8-9F0D-BDDAEEACE7A3}
	EndProjectSection
EndProject
Project("{8BC9CEB8-8B4A-11D0-8D11-00A0C91BC942}") = "ZERO_CHECK", "..\\ZERO_CHECK.vcxproj", "{CE2169B5-5BEF-3DB8-9F0D-BDDAEEACE7A3}"
	ProjectSection(ProjectDependencies) = postProject
	EndProjectSection
EndProject
Project("{8BC9CEB8-8B4A-11D0-8D11-00A0C91BC942}") = "analytics", "analytics.vcxproj", "{4E65E801-8CB0-3557-BCD7-07C50C2D0077}"
	ProjectSection(ProjectDependencies) = postProject
		{CB960D62-017D-348E-82B7-03089FC75006} = {CB960D62-017D-348E-82B7-03089FC75006}
		{CE2169B5-5BEF-3DB8-9F0D-BDDAEEACE7A3} = {CE2169B5-5BEF-3DB8-9F0D-BDDAEEACE7A3}
	EndProjectSection
EndProject
Project("{8BC9CEB8-8B4A-11D0-8D11-00A0C91BC942}") = "audio_basics", "audio_basics.vcxproj", "{B23B01DE-0A09-351A-BFEE-084C1FDE8CC9}"
	ProjectSection(ProjectDependencies) = postProject
		{CB960D62-017D-348E-82B7-03089FC75006} = {CB960D62-017D-348E-82B7-03089FC75006}
		{CE2169B5-5BEF-3DB8-9F0D-BDDAEEACE7A3} = {CE2169B5-5BEF-3DB8-9F0D-BDDAEEACE7A3}
	EndProjectSection
EndProject
Project("{8BC9CEB8-8B4A-11D0-8D11-00A0C91BC942}") = "audio_devices", "audio_devices.vcxproj", "{2333CFB2-9249-379A-A0FF-9715BDB648E2}"
	ProjectSection(ProjectDependencies) = postProject
		{CB960D62-017D-348E-82B7-03089FC75006} = {CB960D62-017D-348E-82B7-03089FC75006}
		{CE2169B5-5BEF-3DB8-9F0D-BDDAEEACE7A3} = {CE2169B5-5BEF-3DB8-9F0D-BDDAEEACE7A3}
	EndProjectSection
EndProject
Project("{8BC9CEB8-8B4A-11D0-8D11-00A0C91BC942}") = "audio_formats", "audio_formats.vcxproj", "{466F2E59-8FC5-3C7C-A57D-9743D43CDA1E}"
	ProjectSection(ProjectDependencies) = postProject
		{CB960D62-017D-348E-82B7-03089FC75006} = {CB960D62-017D-348E-82B7-03089FC75006}
		{CE2169B5-5BEF-3DB8-9F0D-BDDAEEACE7A3} = {CE2169B5-5BEF-3DB8-9F0D-BDDAEEACE7A3}
	EndProjectSection
EndProject
Project("{8BC9CEB8-8B4A-11D0-8D11-00A0C91BC942}") = "audio_plugin_client", "audio_plugin_client.vcxproj", "{2EB09B35-59F1-33ED-A58A-B07A3840E931}"
	ProjectSection(ProjectDependencies) = postProject
		{CB960D62-017D-348E-82B7-03089FC75006} = {CB960D62-017D-348E-82B7-03089FC75006}
		{CE2169B5-5BEF-3DB8-9F0D-BDDAEEACE7A3} = {CE2169B5-5BEF-3DB8-9F0D-BDDAEEACE7A3}
	EndProjectSection
EndProject
Project("{8BC9CEB8-8B4A-11D0-8D11-00A0C91BC942}") = "audio_processors", "audio_processors.vcxproj", "{0DC440C4-8947-33F4-8C6F-4BA0B442329B}"
	ProjectSection(ProjectDependencies) = postProject
		{CB960D62-017D-348E-82B7-03089FC75006} = {CB960D62-017D-348E-82B7-03089FC75006}
		{CE2169B5-5BEF-3DB8-9F0D-BDDAEEACE7A3} = {CE2169B5-5BEF-3DB8-9F0D-BDDAEEACE7A3}
	EndProjectSection
EndProject
Project("{8BC9CEB8-8B4A-11D0-8D11-00A0C91BC942}") = "audio_utils", "audio_utils.vcxproj", "{7B2E81BE-95F6-3738-8688-48CDA7A9B7B1}"
	ProjectSection(ProjectDependencies) = postProject
		{CB960D62-017D-348E-82B7-03089FC75006} = {CB960D62-017D-348E-82B7-03089FC75006}
		{CE2169B5-5BEF-3DB8-9F0D-BDDAEEACE7A3} = {CE2169B5-5BEF-3DB8-9F0D-BDDAEEACE7A3}
	EndProjectSection
EndProject
Project("{8BC9CEB8-8B4A-11D0-8D11-00A0C91BC942}") = "blocks_basics", "blocks_basics.vcxproj", "{F1D06FEC-9400-393B-9B8C-2DC6CD1FA6E1}"
	ProjectSection(ProjectDependencies) = postProject
		{CB960D62-017D-348E-82B7-03089FC75006} = {CB960D62-017D-348E-82B7-03089FC75006}
		{CE2169B5-5BEF-3DB8-9F0D-BDDAEEACE7A3} = {CE2169B5-5BEF-3DB8-9F0D-BDDAEEACE7A3}
	EndProjectSection
EndProject
Project("{8BC9CEB8-8B4A-11D0-8D11-00A0C91BC942}") = "box2d", "box2d.vcxproj", "{CF814C46-8DDE-31E5-980A-15B844B026AD}"
	ProjectSection(ProjectDependencies) = postProject
		{CB960D62-017D-348E-82B7-03089FC75006} = {CB960D62-017D-348E-82B7-03089FC75006}
		{CE2169B5-5BEF-3DB8-9F0D-BDDAEEACE7A3} = {CE2169B5-5BEF-3DB8-9F0D-BDDAEEACE7A3}
	EndProjectSection
EndProject
Project("{8BC9CEB8-8B4A-11D0-8D11-00A0C91BC942}") = "cryptography", "cryptography.vcxproj", "{46BFBBC2-DE26-309C-B780-8EF2353D96A8}"
	ProjectSection(ProjectDependencies) = postProject
		{CB960D62-017D-348E-82B7-03089FC75006} = {CB960D62-017D-348E-82B7-03089FC75006}
		{CE2169B5-5BEF-3DB8-9F0D-BDDAEEACE7A3} = {CE2169B5-5BEF-3DB8-9F0D-BDDAEEACE7A3}
	EndProjectSection
EndProject
Project("{8BC9CEB8-8B4A-11D0-8D11-00A0C91BC942}") = "data_structures", "data_structures.vcxproj", "{C3C332F8-E5FD-34FB-B208-4C7C29B63552}"
	ProjectSection(ProjectDependencies) = postProject
		{CB960D62-017D-348E-82B7-03089FC75006} = {CB960D62-017D-348E-82B7-03089FC75006}
		{CE2169B5-5BEF-3DB8-9F0D-BDDAEEACE7A3} = {CE2169B5-5BEF-3DB8-9F0D-BDDAEEACE7A3}
	EndProjectSection
EndProject
Project("{8BC9CEB8-8B4A-11D0-8D11-00A0C91BC942}") = "dsp", "dsp.vcxproj", "{188E3DAD-39EF-336C-A1D9-9E02A5964F77}"
	ProjectSection(ProjectDependencies) = postProject
		{CB960D62-017D-348E-82B7-03089FC75006} = {CB960D62-017D-348E-82B7-03089FC75006}
		{CE2169B5-5BEF-3DB8-9F0D-BDDAEEACE7A3} = {CE2169B5-5BEF-3DB8-9F0D-BDDAEEACE7A3}
	EndProjectSection
EndProject
Project("{8BC9CEB8-8B4A-11D0-8D11-00A0C91BC942}") = "events", "events.vcxproj", "{FD3F7264-8642-3F3D-B2C1-2B8C7449480C}"
	ProjectSection(ProjectDependencies) = postProject
		{CB960D62-017D-348E-82B7-03089FC75006} = {CB960D62-017D-348E-82B7-03089FC75006}
		{CE2169B5-5BEF-3DB8-9F0D-BDDAEEACE7A3} = {CE2169B5-5BEF-3DB8-9F0D-BDDAEEACE7A3}
	EndProjectSection
EndProject
Project("{8BC9CEB8-8B4A-11D0-8D11-00A0C91BC942}") = "graphics", "graphics.vcxproj", "{84C5D134-7D92-3C96-9E64-66CBF236D9DF}"
	ProjectSection(ProjectDependencies) = postProject
		{CB960D62-017D-348E-82B7-03089FC75006} = {CB960D62-017D-348E-82B7-03089FC75006}
		{CE2169B5-5BEF-3DB8-9F0D-BDDAEEACE7A3} = {CE2169B5-5BEF-3DB8-9F0D-BDDAEEACE7A3}
	EndProjectSection
EndProject
Project("{8BC9CEB8-8B4A-11D0-8D11-00A0C91BC942}") = "gui_basics", "gui_basics.vcxproj", "{7BE4F36A-F743-3806-B194-A234182DD408}"
	ProjectSection(ProjectDependencies) = postProject
		{CB960D62-017D-348E-82B7-03089FC75006} = {CB960D62-017D-348E-82B7-03089FC75006}
		{CE2169B5-5BEF-3DB8-9F0D-BDDAEEACE7A3} = {CE2169B5-5BEF-3DB8-9F0D-BDDAEEACE7A3}
	EndProjectSection
EndProject
Project("{8BC9CEB8-8B4A-11D0-8D11-00A0C91BC942}") = "gui_extra", "gui_extra.vcxproj", "{609B7C95-C2B6-3270-9AE3-BE8C092FD57D}"
	ProjectSection(ProjectDependencies) = postProject
		{CB960D62-017D-348E-82B7-03089FC75006} = {CB960D62-017D-348E-82B7-03089FC75006}
		{CE2169B5-5BEF-3DB8-9F0D-BDDAEEACE7A3} = {CE2169B5-5BEF-3DB8-9F0D-BDDAEEACE7A3}
	EndProjectSection
EndProject
Project("{8BC9CEB8-8B4A-11D0-8D11-00A0C91BC942}") = "opengl", "opengl.vcxproj", "{92292340-51DE-349B-803A-192AB3848039}"
	ProjectSection(ProjectDependencies) = postProject
		{CB960D62-017D-348E-82B7-03089FC75006} = {CB960D62-017D-348E-82B7-03089FC75006}
		{CE2169B5-5BEF-3DB8-9F0D-BDDAEEACE7A3} = {CE2169B5-5BEF-3DB8-9F0D-BDDAEEACE7A3}
	EndProjectSection
EndProject
Project("{8BC9CEB8-8B4A-11D0-8D11-00A0C91BC942}") = "osc", "osc.vcxproj", "{AFF5B41A-6D00-3395-AD89-EA5F20BF7B3E}"
	ProjectSection(ProjectDependencies) = postProject
		{CB960D62-017D-348E-82B7-03089FC75006} = {CB960D62-017D-348E-82B7-03089FC75006}
		{CE2169B5-5BEF-3DB8-9F0D-BDDAEEACE7A3} = {CE2169B5-5BEF-3DB8-9F0D-BDDAEEACE7A3}
	EndProjectSection
EndProject
Project("{8BC9CEB8-8B4A-11D0-8D11-00A0C91BC942}") = "product_unlocking", "product_unlocking.vcxproj", "{BF8323FD-F2D2-3C5B-B54D-D1D1126A739D}"
	ProjectSection(ProjectDependencies) = postProject
		{CB960D62-017D-348E-82B7-03089FC75006} = {CB960D62-017D-348E-82B7-03089FC75006}
		{CE2169B5-5BEF-3DB8-9F0D-BDDAEEACE7A3} = {CE2169B5-5BEF-3DB8-9F0D-BDDAEEACE7A3}
	EndProjectSection
EndProject
Project("{8BC9CEB8-8B4A-11D0-8D11-00A0C91BC942}") = "video", "video.vcxproj", "{6D1AACEB-C2FA-3959-AB00-ECECEFBE0911}"
	ProjectSection(ProjectDependencies) = postProject
		{CB960D62-017D-348E-82B7-03089FC75006} = {CB960D62-017D-348E-82B7-03089FC75006}
		{CE2169B5-5BEF-3DB8-9F0D-BDDAEEACE7A3} = {CE2169B5-5BEF-3DB8-9F0D-BDDAEEACE7A3}
	EndProjectSection
EndProject
Global
	GlobalSection(SolutionConfigurationPlatforms) = preSolution
		Debug|x64 = Debug|x64
		Release|x64 = Release|x64
		MinSizeRel|x64 = MinSizeRel|x64
		RelWithDebInfo|x64 = RelWithDebInfo|x64
	EndGlobalSection
	GlobalSection(ProjectConfigurationPlatforms) = postSolution
		{22FD9844-3C00-3F38-A0BC-60EFE36D3DBC}.Debug|x64.ActiveCfg = Debug|x64
		{22FD9844-3C00-3F38-A0BC-60EFE36D3DBC}.Release|x64.ActiveCfg = Release|x64
		{22FD9844-3C00-3F38-A0BC-60EFE36D3DBC}.MinSizeRel|x64.ActiveCfg = MinSizeRel|x64
		{22FD9844-3C00-3F38-A0BC-60EFE36D3DBC}.RelWithDebInfo|x64.ActiveCfg = RelWithDebInfo|x64
		{CB960D62-017D-348E-82B7-03089FC75006}.Debug|x64.ActiveCfg = Debug|x64
		{CB960D62-017D-348E-82B7-03089FC75006}.Debug|x64.Build.0 = Debug|x64
		{CB960D62-017D-348E-82B7-03089FC75006}.Release|x64.ActiveCfg = Release|x64
		{CB960D62-017D-348E-82B7-03089FC75006}.Release|x64.Build.0 = Release|x64
		{CB960D62-017D-348E-82B7-03089FC75006}.MinSizeRel|x64.ActiveCfg = MinSizeRel|x64
		{CB960D62-017D-348E-82B7-03089FC75006}.MinSizeRel|x64.Build.0 = MinSizeRel|x64
		{CB960D62-017D-348E-82B7-03089FC75006}.RelWithDebInfo|x64.ActiveCfg = RelWithDebInfo|x64
		{CB960D62-017D-348E-82B7-03089FC75006}.RelWithDebInfo|x64.Build.0 = RelWithDebInfo|x64
		{CE2169B5-5BEF-3DB8-9F0D-BDDAEEACE7A3}.Debug|x64.ActiveCfg = Debug|x64
		{CE2169B5-5BEF-3DB8-9F0D-BDDAEEACE7A3}.Debug|x64.Build.0 = Debug|x64
		{CE2169B5-5BEF-3DB8-9F0D-BDDAEEACE7A3}.Release|x64.ActiveCfg = Release|x64
		{CE2169B5-5BEF-3DB8-9F0D-BDDAEEACE7A3}.Release|x64.Build.0 = Release|x64
		{CE2169B5-5BEF-3DB8-9F0D-BDDAEEACE7A3}.MinSizeRel|x64.ActiveCfg = MinSizeRel|x64
		{CE2169B5-5BEF-3DB8-9F0D-BDDAEEACE7A3}.MinSizeRel|x64.Build.0 = MinSizeRel|x64
		{CE2169B5-5BEF-3DB8-9F0D-BDDAEEACE7A3}.RelWithDebInfo|x64.ActiveCfg = RelWithDebInfo|x64
		{CE2169B5-5BEF-3DB8-9F0D-BDDAEEACE7A3}.RelWithDebInfo|x64.Build.0 = RelWithDebInfo|x64
		{4E65E801-8CB0-3557-BCD7-07C50C2D0077}.Debug|x64.ActiveCfg = Debug|x64
		{4E65E801-8CB0-3557-BCD7-07C50C2D0077}.Debug|x64.Build.0 = Debug|x64
		{4E65E801-8CB0-3557-BCD7-07C50C2D0077}.Release|x64.ActiveCfg = Release|x64
		{4E65E801-8CB0-3557-BCD7-07C50C2D0077}.Release|x64.Build.0 = Release|x64
		{4E65E801-8CB0-3557-BCD7-07C50C2D0077}.MinSizeRel|x64.ActiveCfg = MinSizeRel|x64
		{4E65E801-8CB0-3557-BCD7-07C50C2D0077}.MinSizeRel|x64.Build.0 = MinSizeRel|x64
		{4E65E801-8CB0-3557-BCD7-07C50C2D0077}.RelWithDebInfo|x64.ActiveCfg = RelWithDebInfo|x64
		{4E65E801-8CB0-3557-BCD7-07C50C2D0077}.RelWithDebInfo|x64.Build.0 = RelWithDebInfo|x64
		{B23B01DE-0A09-351A-BFEE-084C1FDE8CC9}.Debug|x64.ActiveCfg = Debug|x64
		{B23B01DE-0A09-351A-BFEE-084C1FDE8CC9}.Debug|x64.Build.0 = Debug|x64
		{B23B01DE-0A09-351A-BFEE-084C1FDE8CC9}.Release|x64.ActiveCfg = Release|x64
		{B23B01DE-0A09-351A-BFEE-084C1FDE8CC9}.Release|x64.Build.0 = Release|x64
		{B23B01DE-0A09-351A-BFEE-084C1FDE8CC9}.MinSizeRel|x64.ActiveCfg = MinSizeRel|x64
		{B23B01DE-0A09-351A-BFEE-084C1FDE8CC9}.MinSizeRel|x64.Build.0 = MinSizeRel|x64
		{B23B01DE-0A09-351A-BFEE-084C1FDE8CC9}.RelWithDebInfo|x64.ActiveCfg = RelWithDebInfo|x64
		{B23B01DE-0A09-351A-BFEE-084C1FDE8CC9}.RelWithDebInfo|x64.Build.0 = RelWithDebInfo|x64
		{2333CFB2-9249-379A-A0FF-9715BDB648E2}.Debug|x64.ActiveCfg = Debug|x64
		{2333CFB2-9249-379A-A0FF-9715BDB648E2}.Debug|x64.Build.0 = Debug|x64
		{2333CFB2-9249-379A-A0FF-9715BDB648E2}.Release|x64.ActiveCfg = Release|x64
		{2333CFB2-9249-379A-A0FF-9715BDB648E2}.Release|x64.Build.0 = Release|x64
		{2333CFB2-9249-379A-A0FF-9715BDB648E2}.MinSizeRel|x64.ActiveCfg = MinSizeRel|x64
		{2333CFB2-9249-379A-A0FF-9715BDB648E2}.MinSizeRel|x64.Build.0 = MinSizeRel|x64
		{2333CFB2-9249-379A-A0FF-9715BDB648E2}.RelWithDebInfo|x64.ActiveCfg = RelWithDebInfo|x64
		{2333CFB2-9249-379A-A0FF-9715BDB648E2}.RelWithDebInfo|x64.Build.0 = RelWithDebInfo|x64
		{466F2E59-8FC5-3C7C-A57D-9743D43CDA1E}.Debug|x64.ActiveCfg = Debug|x64
		{466F2E59-8FC5-3C7C-A57D-9743D43CDA1E}.Debug|x64.Build.0 = Debug|x64
		{466F2E59-8FC5-3C7C-A57D-9743D43CDA1E}.Release|x64.ActiveCfg = Release|x64
		{466F2E59-8FC5-3C7C-A57D-9743D43CDA1E}.Release|x64.Build.0 = Release|x64
		{466F2E59-8FC5-3C7C-A57D-9743D43CDA1E}.MinSizeRel|x64.ActiveCfg = MinSizeRel|x64
		{466F2E59-8FC5-3C7C-A57D-9743D43CDA1E}.MinSizeRel|x64.Build.0 = MinSizeRel|x64
		{466F2E59-8FC5-3C7C-A57D-9743D43CDA1E}.RelWithDebInfo|x64.ActiveCfg = RelWithDebInfo|x64
		{466F2E59-8FC5-3C7C-A57D-9743D43CDA1E}.RelWithDebInfo|x64.Build.0 = RelWithDebInfo|x64
		{2EB09B35-59F1-33ED-A58A-B07A3840E931}.Debug|x64.ActiveCfg = Debug|x64
		{2EB09B35-59F1-33ED-A58A-B07A3840E931}.Debug|x64.Build.0 = Debug|x64
		{2EB09B35-59F1-33ED-A58A-B07A3840E931}.Release|x64.ActiveCfg = Release|x64
		{2EB09B35-59F1-33ED-A58A-B07A3840E931}.Release|x64.Build.0 = Release|x64
		{2EB09B35-59F1-33ED-A58A-B07A3840E931}.MinSizeRel|x64.ActiveCfg = MinSizeRel|x64
		{2EB09B35-59F1-33ED-A58A-B07A3840E931}.MinSizeRel|x64.Build.0 = MinSizeRel|x64
		{2EB09B35-59F1-33ED-A58A-B07A3840E931}.RelWithDebInfo|x64.ActiveCfg = RelWithDebInfo|x64
		{2EB09B35-59F1-33ED-A58A-B07A3840E931}.RelWithDebInfo|x64.Build.0 = RelWithDebInfo|x64
		{0DC440C4-8947-33F4-8C6F-4BA0B442329B}.Debug|x64.ActiveCfg = Debug|x64
		{0DC440C4-8947-33F4-8C6F-4BA0B442329B}.Debug|x64.Build.0 = Debug|x64
		{0DC440C4-8947-33F4-8C6F-4BA0B442329B}.Release|x64.ActiveCfg = Release|x64
		{0DC440C4-8947-33F4-8C6F-4BA0B442329B}.Release|x64.Build.0 = Release|x64
		{0DC440C4-8947-33F4-8C6F-4BA0B442329B}.MinSizeRel|x64.ActiveCfg = MinSizeRel|x64
		{0DC440C4-8947-33F4-8C6F-4BA0B442329B}.MinSizeRel|x64.Build.0 = MinSizeRel|x64
		{0DC440C4-8947-33F4-8C6F-4BA0B442329B}.RelWithDebInfo|x64.ActiveCfg = RelWithDebInfo|x64
		{0DC440C4-8947-33F4-8C6F-4BA0B442329B}.RelWithDebInfo|x64.Build.0 = RelWithDebInfo|x64
		{7B2E81BE-95F6-3738-8688-48CDA7A9B7B1}.Debug|x64.ActiveCfg = Debug|x64
		{7B2E81BE-95F6-3738-8688-48CDA7A9B7B1}.Debug|x64.Build.0 = Debug|x64
		{7B2E81BE-95F6-3738-8688-48CDA7A9B7B1}.Release|x64.ActiveCfg = Release|x64
		{7B2E81BE-95F6-3738-8688-48CDA7A9B7B1}.Release|x64.Build.0 = Release|x64
		{7B2E81BE-95F6-3738-8688-48CDA7A9B7B1}.MinSizeRel|x64.ActiveCfg = MinSizeRel|x64
		{7B2E81BE-95F6-3738-8688-48CDA7A9B7B1}.MinSizeRel|x64.Build.0 = MinSizeRel|x64
		{7B2E81BE-95F6-3738-8688-48CDA7A9B7B1}.RelWithDebInfo|x64.ActiveCfg = RelWithDebInfo|x64
		{7B2E81BE-95F6-3738-8688-48CDA7A9B7B1}.RelWithDebInfo|x64.Build.0 = RelWithDebInfo|x64
		{F1D06FEC-9400-393B-9B8C-2DC6CD1FA6E1}.Debug|x64.ActiveCfg = Debug|x64
		{F1D06FEC-9400-393B-9B8C-2DC6CD1FA6E1}.Debug|x64.Build.0 = Debug|x64
		{F1D06FEC-9400-393B-9B8C-2DC6CD1FA6E1}.Release|x64.ActiveCfg = Release|x64
		{F1D06FEC-9400-393B-9B8C-2DC6CD1FA6E1}.Release|x64.Build.0 = Release|x64
		{F1D06FEC-9400-393B-9B8C-2DC6CD1FA6E1}.MinSizeRel|x64.ActiveCfg = MinSizeRel|x64
		{F1D06FEC-9400-393B-9B8C-2DC6CD1FA6E1}.MinSizeRel|x64.Build.0 = MinSizeRel|x64
		{F1D06FEC-9400-393B-9B8C-2DC6CD1FA6E1}.RelWithDebInfo|x64.ActiveCfg = RelWithDebInfo|x64
		{F1D06FEC-9400-393B-9B8C-2DC6CD1FA6E1}.RelWithDebInfo|x64.Build.0 = RelWithDebInfo|x64
		{CF814C46-8DDE-31E5-980A-15B844B026AD}.Debug|x64.ActiveCfg = Debug|x64
		{CF814C46-8DDE-31E5-980A-15B844B026AD}.Debug|x64.Build.0 = Debug|x64
		{CF814C46-8DDE-31E5-980A-15B844B026AD}.Release|x64.ActiveCfg = Release|x64
		{CF814C46-8DDE-31E5-980A-15B844B026AD}.Release|x64.Build.0 = Release|x64
		{CF814C46-8DDE-31E5-980A-15B844B026AD}.MinSizeRel|x64.ActiveCfg = MinSizeRel|x64
		{CF814C46-8DDE-31E5-980A-15B844B026AD}.MinSizeRel|x64.Build.0 = MinSizeRel|x64
		{CF814C46-8DDE-31E5-980A-15B844B026AD}.RelWithDebInfo|x64.ActiveCfg = RelWithDebInfo|x64
		{CF814C46-8DDE-31E5-980A-15B844B026AD}.RelWithDebInfo|x64.Build.0 = RelWithDebInfo|x64
		{46BFBBC2-DE26-309C-B780-8EF2353D96A8}.Debug|x64.ActiveCfg = Debug|x64
		{46BFBBC2-DE26-309C-B780-8EF2353D96A8}.Debug|x64.Build.0 = Debug|x64
		{46BFBBC2-DE26-309C-B780-8EF2353D96A8}.Release|x64.ActiveCfg = Release|x64
		{46BFBBC2-DE26-309C-B780-8EF2353D96A8}.Release|x64.Build.0 = Release|x64
		{46BFBBC2-DE26-309C-B780-8EF2353D96A8}.MinSizeRel|x64.ActiveCfg = MinSizeRel|x64
		{46BFBBC2-DE26-309C-B780-8EF2353D96A8}.MinSizeRel|x64.Build.0 = MinSizeRel|x64
		{46BFBBC2-DE26-309C-B780-8EF2353D96A8}.RelWithDebInfo|x64.ActiveCfg = RelWithDebInfo|x64
		{46BFBBC2-DE26-309C-B780-8EF2353D96A8}.RelWithDebInfo|x64.Build.0 = RelWithDebInfo|x64
		{C3C332F8-E5FD-34FB-B208-4C7C29B63552}.Debug|x64.ActiveCfg = Debug|x64
		{C3C332F8-E5FD-34FB-B208-4C7C29B63552}.Debug|x64.Build.0 = Debug|x64
		{C3C332F8-E5FD-34FB-B208-4C7C29B63552}.Release|x64.ActiveCfg = Release|x64
		{C3C332F8-E5FD-34FB-B208-4C7C29B63552}.Release|x64.Build.0 = Release|x64
		{C3C332F8-E5FD-34FB-B208-4C7C29B63552}.MinSizeRel|x64.ActiveCfg = MinSizeRel|x64
		{C3C332F8-E5FD-34FB-B208-4C7C29B63552}.MinSizeRel|x64.Build.0 = MinSizeRel|x64
		{C3C332F8-E5FD-34FB-B208-4C7C29B63552}.RelWithDebInfo|x64.ActiveCfg = RelWithDebInfo|x64
		{C3C332F8-E5FD-34FB-B208-4C7C29B63552}.RelWithDebInfo|x64.Build.0 = RelWithDebInfo|x64
		{188E3DAD-39EF-336C-A1D9-9E02A5964F77}.Debug|x64.ActiveCfg = Debug|x64
		{188E3DAD-39EF-336C-A1D9-9E02A5964F77}.Debug|x64.Build.0 = Debug|x64
		{188E3DAD-39EF-336C-A1D9-9E02A5964F77}.Release|x64.ActiveCfg = Release|x64
		{188E3DAD-39EF-336C-A1D9-9E02A5964F77}.Release|x64.Build.0 = Release|x64
		{188E3DAD-39EF-336C-A1D9-9E02A5964F77}.MinSizeRel|x64.ActiveCfg = MinSizeRel|x64
		{188E3DAD-39EF-336C-A1D9-9E02A5964F77}.MinSizeRel|x64.Build.0 = MinSizeRel|x64
		{188E3DAD-39EF-336C-A1D9-9E02A5964F77}.RelWithDebInfo|x64.ActiveCfg = RelWithDebInfo|x64
		{188E3DAD-39EF-336C-A1D9-9E02A5964F77}.RelWithDebInfo|x64.Build.0 = RelWithDebInfo|x64
		{FD3F7264-8642-3F3D-B2C1-2B8C7449480C}.Debug|x64.ActiveCfg = Debug|x64
		{FD3F7264-8642-3F3D-B2C1-2B8C7449480C}.Debug|x64.Build.0 = Debug|x64
		{FD3F7264-8642-3F3D-B2C1-2B8C7449480C}.Release|x64.ActiveCfg = Release|x64
		{FD3F7264-8642-3F3D-B2C1-2B8C7449480C}.Release|x64.Build.0 = Release|x64
		{FD3F7264-8642-3F3D-B2C1-2B8C7449480C}.MinSizeRel|x64.ActiveCfg = MinSizeRel|x64
		{FD3F7264-8642-3F3D-B2C1-2B8C7449480C}.MinSizeRel|x64.Build.0 = MinSizeRel|x64
		{FD3F7264-8642-3F3D-B2C1-2B8C7449480C}.RelWithDebInfo|x64.ActiveCfg = RelWithDebInfo|x64
		{FD3F7264-8642-3F3D-B2C1-2B8C7449480C}.RelWithDebInfo|x64.Build.0 = RelWithDebInfo|x64
		{84C5D134-7D92-3C96-9E64-66CBF236D9DF}.Debug|x64.ActiveCfg = Debug|x64
		{84C5D134-7D92-3C96-9E64-66CBF236D9DF}.Debug|x64.Build.0 = Debug|x64
		{84C5D134-7D92-3C96-9E64-66CBF236D9DF}.Release|x64.ActiveCfg = Release|x64
		{84C5D134-7D92-3C96-9E64-66CBF236D9DF}.Release|x64.Build.0 = Release|x64
		{84C5D134-7D92-3C96-9E64-66CBF236D9DF}.MinSizeRel|x64.ActiveCfg = MinSizeRel|x64
		{84C5D134-7D92-3C96-9E64-66CBF236D9DF}.MinSizeRel|x64.Build.0 = MinSizeRel|x64
		{84C5D134-7D92-3C96-9E64-66CBF236D9DF}.RelWithDebInfo|x64.ActiveCfg = RelWithDebInfo|x64
		{84C5D134-7D92-3C96-9E64-66CBF236D9DF}.RelWithDebInfo|x64.Build.0 = RelWithDebInfo|x64
		{7BE4F36A-F743-3806-B194-A234182DD408}.Debug|x64.ActiveCfg = Debug|x64
		{7BE4F36A-F743-3806-B194-A234182DD408}.Debug|x64.Build.0 = Debug|x64
		{7BE4F36A-F743-3806-B194-A234182DD408}.Release|x64.ActiveCfg = Release|x64
		{7BE4F36A-F743-3806-B194-A234182DD408}.Release|x64.Build.0 = Release|x64
		{7BE4F36A-F743-3806-B194-A234182DD408}.MinSizeRel|x64.ActiveCfg = MinSizeRel|x64
		{7BE4F36A-F743-3806-B194-A234182DD408}.MinSizeRel|x64.Build.0 = MinSizeRel|x64
		{7BE4F36A-F743-3806-B194-A234182DD408}.RelWithDebInfo|x64.ActiveCfg = RelWithDebInfo|x64
		{7BE4F36A-F743-3806-B194-A234182DD408}.RelWithDebInfo|x64.Build.0 = RelWithDebInfo|x64
		{609B7C95-C2B6-3270-9AE3-BE8C092FD57D}.Debug|x64.ActiveCfg = Debug|x64
		{609B7C95-C2B6-3270-9AE3-BE8C092FD57D}.Debug|x64.Build.0 = Debug|x64
		{609B7C95-C2B6-3270-9AE3-BE8C092FD57D}.Release|x64.ActiveCfg = Release|x64
		{609B7C95-C2B6-3270-9AE3-BE8C092FD57D}.Release|x64.Build.0 = Release|x64
		{609B7C95-C2B6-3270-9AE3-BE8C092FD57D}.MinSizeRel|x64.ActiveCfg = MinSizeRel|x64
		{609B7C95-C2B6-3270-9AE3-BE8C092FD57D}.MinSizeRel|x64.Build.0 = MinSizeRel|x64
		{609B7C95-C2B6-3270-9AE3-BE8C092FD57D}.RelWithDebInfo|x64.ActiveCfg = RelWithDebInfo|x64
		{609B7C95-C2B6-3270-9AE3-BE8C092FD57D}.RelWithDebInfo|x64.Build.0 = RelWithDebInfo|x64
		{92292340-51DE-349B-803A-192AB3848039}.Debug|x64.ActiveCfg = Debug|x64
		{92292340-51DE-349B-803A-192AB3848039}.Debug|x64.Build.0 = Debug|x64
		{92292340-51DE-349B-803A-192AB3848039}.Release|x64.ActiveCfg = Release|x64
		{92292340-51DE-349B-803A-192AB3848039}.Release|x64.Build.0 = Release|x64
		{92292340-51DE-349B-803A-192AB3848039}.MinSizeRel|x64.ActiveCfg = MinSizeRel|x64
		{92292340-51DE-349B-803A-192AB3848039}.MinSizeRel|x64.Build.0 = MinSizeRel|x64
		{92292340-51DE-349B-803A-192AB3848039}.RelWithDebInfo|x64.ActiveCfg = RelWithDebInfo|x64
		{92292340-51DE-349B-803A-192AB3848039}.RelWithDebInfo|x64.Build.0 = RelWithDebInfo|x64
		{AFF5B41A-6D00-3395-AD89-EA5F20BF7B3E}.Debug|x64.ActiveCfg = Debug|x64
		{AFF5B41A-6D00-3395-AD89-EA5F20BF7B3E}.Debug|x64.Build.0 = Debug|x64
		{AFF5B41A-6D00-3395-AD89-EA5F20BF7B3E}.Release|x64.ActiveCfg = Release|x64
		{AFF5B41A-6D00-3395-AD89-EA5F20BF7B3E}.Release|x64.Build.0 = Release|x64
		{AFF5B41A-6D00-3395-AD89-EA5F20BF7B3E}.MinSizeRel|x64.ActiveCfg = MinSizeRel|x64
		{AFF5B41A-6D00-3395-AD89-EA5F20BF7B3E}.MinSizeRel|x64.Build.0 = MinSizeRel|x64
		{AFF5B41A-6D00-3395-AD89-EA5F20BF7B3E}.RelWithDebInfo|x64.ActiveCfg = RelWithDebInfo|x64
		{AFF5B41A-6D00-3395-AD89-EA5F20BF7B3E}.RelWithDebInfo|x64.Build.0 = RelWithDebInfo|x64
		{BF8323FD-F2D2-3C5B-B54D-D1D1126A739D}.Debug|x64.ActiveCfg = Debug|x64
		{BF8323FD-F2D2-3C5B-B54D-D1D1126A739D}.Debug|x64.Build.0 = Debug|x64
		{BF8323FD-F2D2-3C5B-B54D-D1D1126A739D}.Release|x64.ActiveCfg = Release|x64
		{BF8323FD-F2D2-3C5B-B54D-D1D1126A739D}.Release|x64.Build.0 = Release|x64
		{BF8323FD-F2D2-3C5B-B54D-D1D1126A739D}.MinSizeRel|x64.ActiveCfg = MinSizeRel|x64
		{BF8323FD-F2D2-3C5B-B54D-D1D1126A739D}.MinSizeRel|x64.Build.0 = MinSizeRel|x64
		{BF8323FD-F2D2-3C5B-B54D-D1D1126A739D}.RelWithDebInfo|x64.ActiveCfg = RelWithDebInfo|x64
		{BF8323FD-F2D2-3C5B-B54D-D1D1126A739D}.RelWithDebInfo|x64.Build.0 = RelWithDebInfo|x64
		{6D1AACEB-C2FA-3959-AB00-ECECEFBE0911}.Debug|x64.ActiveCfg = Debug|x64
		{6D1AACEB-C2FA-3959-AB00-ECECEFBE0911}.Debug|x64.Build.0 = Debug|x64
		{6D1AACEB-C2FA-3959-AB00-ECECEFBE0911}.Release|x64.ActiveCfg = Release|x64
		{6D1AACEB-C2FA-3959-AB00-ECECEFBE0911}.Release|x64.Build.0 = Release|x64
		{6D1AACEB-C2FA-3959-AB00-ECECEFBE0911}.MinSizeRel|x64.ActiveCfg = MinSizeRel|x64
		{6D1AACEB-C2FA-3959-AB00-ECECEFBE0911}.MinSizeRel|x64.Build.0 = MinSizeRel|x64
		{6D1AACEB-C2FA-3959-AB00-ECECEFBE0911}.RelWithDebInfo|x64.ActiveCfg = RelWithDebInfo|x64
		{6D1AACEB-C2FA-3959-AB00-ECECEFBE0911}.RelWithDebInfo|x64.Build.0 = RelWithDebInfo|x64
	EndGlobalSection
	GlobalSection(NestedProjects) = preSolution
		{22FD9844-3C00-3F38-A0BC-60EFE36D3DBC} = {29DB1E52-F02C-3442-B160-EA16F6336C9C}
		{CE2169B5-5BEF-3DB8-9F0D-BDDAEEACE7A3} = {29DB1E52-F02C-3442-B160-EA16F6336C9C}
		{CB960D62-017D-348E-82B7-03089FC75006} = {9E6469E7-38EA-3BF8-8236-660187F404DB}
		{4E65E801-8CB0-3557-BCD7-07C50C2D0077} = {E549E821-50DA-370B-BD3E-1966CE8CCCB4}
		{B23B01DE-0A09-351A-BFEE-084C1FDE8CC9} = {E549E821-50DA-370B-BD3E-1966CE8CCCB4}
		{2333CFB2-9249-379A-A0FF-9715BDB648E2} = {E549E821-50DA-370B-BD3E-1966CE8CCCB4}
		{466F2E59-8FC5-3C7C-A57D-9743D43CDA1E} = {E549E821-50DA-370B-BD3E-1966CE8CCCB4}
		{2EB09B35-59F1-33ED-A58A-B07A3840E931} = {E549E821-50DA-370B-BD3E-1966CE8CCCB4}
		{0DC440C4-8947-33F4-8C6F-4BA0B442329B} = {E549E821-50DA-370B-BD3E-1966CE8CCCB4}
		{7B2E81BE-95F6-3738-8688-48CDA7A9B7B1} = {E549E821-50DA-370B-BD3E-1966CE8CCCB4}
		{F1D06FEC-9400-393B-9B8C-2DC6CD1FA6E1} = {E549E821-50DA-370B-BD3E-1966CE8CCCB4}
		{CF814C46-8DDE-31E5-980A-15B844B026AD} = {E549E821-50DA-370B-BD3E-1966CE8CCCB4}
		{46BFBBC2-DE26-309C-B780-8EF2353D96A8} = {E549E821-50DA-370B-BD3E-1966CE8CCCB4}
		{C3C332F8-E5FD-34FB-B208-4C7C29B63552} = {E549E821-50DA-370B-BD3E-1966CE8CCCB4}
		{188E3DAD-39EF-336C-A1D9-9E02A5964F77} = {E549E821-50DA-370B-BD3E-1966CE8CCCB4}
		{FD3F7264-8642-3F3D-B2C1-2B8C7449480C} = {E549E821-50DA-370B-BD3E-1966CE8CCCB4}
		{84C5D134-7D92-3C96-9E64-66CBF236D9DF} = {E549E821-50DA-370B-BD3E-1966CE8CCCB4}
		{7BE4F36A-F743-3806-B194-A234182DD408} = {E549E821-50DA-370B-BD3E-1966CE8CCCB4}
		{609B7C95-C2B6-3270-9AE3-BE8C092FD57D} = {E549E821-50DA-370B-BD3E-1966CE8CCCB4}
		{92292340-51DE-349B-803A-192AB3848039} = {E549E821-50DA-370B-BD3E-1966CE8CCCB4}
		{AFF5B41A-6D00-3395-AD89-EA5F20BF7B3E} = {E549E821-50DA-370B-BD3E-1966CE8CCCB4}
		{BF8323FD-F2D2-3C5B-B54D-D1D1126A739D} = {E549E821-50DA-370B-BD3E-1966CE8CCCB4}
		{6D1AACEB-C2FA-3959-AB00-ECECEFBE0911} = {E549E821-50DA-370B-BD3E-1966CE8CCCB4}
	EndGlobalSection
	GlobalSection(ExtensibilityGlobals) = postSolution
		SolutionGuid = {A94B7094-EB85-343A-84B4-B718A1BCBAAE}
	EndGlobalSection
	GlobalSection(ExtensibilityAddIns) = postSolution
	EndGlobalSection
EndGlobal
