Microsoft Visual Studio Solution File, Format Version 11.00
# Visual Studio 2013
Project("{E0375E82-35BE-FBEF-905B-D61BD8D5A724}") = "Genius", "Genius.vcxproj", "{27B1BB06-2D83-42A3-D850-BAC556FA61A9}"
EndProject
Global
	GlobalSection(SolutionConfigurationPlatforms) = preSolution
		Debug|Win32 = Debug|Win32
		Release|Win32 = Release|Win32
	EndGlobalSection
	GlobalSection(ProjectConfigurationPlatforms) = postSolution
		{27B1BB06-2D83-42A3-D850-BAC556FA61A9}.Debug|Win32.ActiveCfg = Debug|Win32
		{27B1BB06-2D83-42A3-D850-BAC556FA61A9}.Debug|Win32.Build.0 = Debug|Win32
		{27B1BB06-2D83-42A3-D850-BAC556FA61A9}.Release|Win32.ActiveCfg = Release|Win32
		{27B1BB06-2D83-42A3-D850-BAC556FA61A9}.Release|Win32.Build.0 = Release|Win32
	EndGlobalSection
	GlobalSection(SolutionProperties) = preSolution
		HideSolutionNode = FALSE
	EndGlobalSection
EndGlobal
