<?xml version="1.0" encoding="utf-8"?>
<Project ToolsVersion="16.0" xmlns="http://schemas.microsoft.com/developer/msbuild/2003">
  <ItemGroup>
    <ClCompile Include="D:\SRC\Hackett\HFrame\HExtras\Projector\JuceLibraryCode\BinaryData.cpp">
      <Filter>Source Files</Filter>
    </ClCompile>
    <ClCompile Include="D:\SRC\Hackett\HFrame\HExtras\Projector\JuceLibraryCode\include_analytics.cpp">
      <Filter>Source Files</Filter>
    </ClCompile>
    <ClCompile Include="D:\SRC\Hackett\HFrame\HExtras\Projector\JuceLibraryCode\include_core.cpp">
      <Filter>Source Files</Filter>
    </ClCompile>
    <ClCompile Include="D:\SRC\Hackett\HFrame\HExtras\Projector\JuceLibraryCode\include_cryptography.cpp">
      <Filter>Source Files</Filter>
    </ClCompile>
    <ClCompile Include="D:\SRC\Hackett\HFrame\HExtras\Projector\JuceLibraryCode\include_data_structures.cpp">
      <Filter>Source Files</Filter>
    </ClCompile>
    <ClCompile Include="D:\SRC\Hackett\HFrame\HExtras\Projector\JuceLibraryCode\include_events.cpp">
      <Filter>Source Files</Filter>
    </ClCompile>
    <ClCompile Include="D:\SRC\Hackett\HFrame\HExtras\Projector\JuceLibraryCode\include_graphics.cpp">
      <Filter>Source Files</Filter>
    </ClCompile>
    <ClCompile Include="D:\SRC\Hackett\HFrame\HExtras\Projector\JuceLibraryCode\include_gui_basics.cpp">
      <Filter>Source Files</Filter>
    </ClCompile>
    <ClCompile Include="D:\SRC\Hackett\HFrame\HExtras\Projector\JuceLibraryCode\include_gui_extra.cpp">
      <Filter>Source Files</Filter>
    </ClCompile>
    <ClCompile Include="D:\SRC\Hackett\HFrame\HExtras\Projector\Source\Application\Application.cpp">
      <Filter>Source Files</Filter>
    </ClCompile>
    <ClCompile Include="D:\SRC\Hackett\HFrame\HExtras\Projector\Source\Application\AutoUpdater.cpp">
      <Filter>Source Files</Filter>
    </ClCompile>
    <ClCompile Include="D:\SRC\Hackett\HFrame\HExtras\Projector\Source\Application\CommandLine.cpp">
      <Filter>Source Files</Filter>
    </ClCompile>
    <ClCompile Include="D:\SRC\Hackett\HFrame\HExtras\Projector\Source\Application\Main.cpp">
      <Filter>Source Files</Filter>
    </ClCompile>
    <ClCompile Include="D:\SRC\Hackett\HFrame\HExtras\Projector\Source\Application\MainWindow.cpp">
      <Filter>Source Files</Filter>
    </ClCompile>
    <ClCompile Include="D:\SRC\Hackett\HFrame\HExtras\Projector\Source\Application\ProjectorAnalytics.cpp">
      <Filter>Source Files</Filter>
    </ClCompile>
    <ClCompile Include="D:\SRC\Hackett\HFrame\HExtras\Projector\Source\BinaryData\Templates\AnimatedComponentTemplate.cpp">
      <Filter>Source Files</Filter>
    </ClCompile>
    <ClCompile Include="D:\SRC\Hackett\HFrame\HExtras\Projector\Source\BinaryData\Templates\AudioComponentTemplate.cpp">
      <Filter>Source Files</Filter>
    </ClCompile>
    <ClCompile Include="D:\SRC\Hackett\HFrame\HExtras\Projector\Source\BinaryData\Templates\AudioPluginEditorTemplate.cpp">
      <Filter>Source Files</Filter>
    </ClCompile>
    <ClCompile Include="D:\SRC\Hackett\HFrame\HExtras\Projector\Source\BinaryData\Templates\AudioPluginFilterTemplate.cpp">
      <Filter>Source Files</Filter>
    </ClCompile>
    <ClCompile Include="D:\SRC\Hackett\HFrame\HExtras\Projector\Source\BinaryData\Templates\ComponentTemplate.cpp">
      <Filter>Source Files</Filter>
    </ClCompile>
    <ClCompile Include="D:\SRC\Hackett\HFrame\HExtras\Projector\Source\BinaryData\Templates\ContentCompTemplate.cpp">
      <Filter>Source Files</Filter>
    </ClCompile>
    <ClCompile Include="D:\SRC\Hackett\HFrame\HExtras\Projector\Source\BinaryData\Templates\MainConsoleAppTemplate.cpp">
      <Filter>Source Files</Filter>
    </ClCompile>
    <ClCompile Include="D:\SRC\Hackett\HFrame\HExtras\Projector\Source\BinaryData\Templates\MainTemplate_NoWindow.cpp">
      <Filter>Source Files</Filter>
    </ClCompile>
    <ClCompile Include="D:\SRC\Hackett\HFrame\HExtras\Projector\Source\BinaryData\Templates\MainTemplate_SimpleWindow.cpp">
      <Filter>Source Files</Filter>
    </ClCompile>
    <ClCompile Include="D:\SRC\Hackett\HFrame\HExtras\Projector\Source\BinaryData\Templates\MainTemplate_Window.cpp">
      <Filter>Source Files</Filter>
    </ClCompile>
    <ClCompile Include="D:\SRC\Hackett\HFrame\HExtras\Projector\Source\BinaryData\Templates\NewComponentTemplate.cpp">
      <Filter>Source Files</Filter>
    </ClCompile>
    <ClCompile Include="D:\SRC\Hackett\HFrame\HExtras\Projector\Source\BinaryData\Templates\NewCppFileTemplate.cpp">
      <Filter>Source Files</Filter>
    </ClCompile>
    <ClCompile Include="D:\SRC\Hackett\HFrame\HExtras\Projector\Source\BinaryData\Templates\OpenGLComponentTemplate.cpp">
      <Filter>Source Files</Filter>
    </ClCompile>
    <ClCompile Include="D:\SRC\Hackett\HFrame\HExtras\Projector\Source\BinaryData\Templates\PIPMain.cpp">
      <Filter>Source Files</Filter>
    </ClCompile>
    <ClCompile Include="D:\SRC\Hackett\HFrame\HExtras\Projector\Source\CodeEditor\DocumentEditorComponent.cpp">
      <Filter>Source Files</Filter>
    </ClCompile>
    <ClCompile Include="D:\SRC\Hackett\HFrame\HExtras\Projector\Source\CodeEditor\OpenDocumentManager.cpp">
      <Filter>Source Files</Filter>
    </ClCompile>
    <ClCompile Include="D:\SRC\Hackett\HFrame\HExtras\Projector\Source\CodeEditor\SourceCodeEditor.cpp">
      <Filter>Source Files</Filter>
    </ClCompile>
    <ClCompile Include="D:\SRC\Hackett\HFrame\HExtras\Projector\Source\ComponentEditor\BinaryResources.cpp">
      <Filter>Source Files</Filter>
    </ClCompile>
    <ClCompile Include="D:\SRC\Hackett\HFrame\HExtras\Projector\Source\ComponentEditor\ComponentLayout.cpp">
      <Filter>Source Files</Filter>
    </ClCompile>
    <ClCompile Include="D:\SRC\Hackett\HFrame\HExtras\Projector\Source\ComponentEditor\Components\ComponentTypeHandler.cpp">
      <Filter>Source Files</Filter>
    </ClCompile>
    <ClCompile Include="D:\SRC\Hackett\HFrame\HExtras\Projector\Source\ComponentEditor\Documents\ButtonDocument.cpp">
      <Filter>Source Files</Filter>
    </ClCompile>
    <ClCompile Include="D:\SRC\Hackett\HFrame\HExtras\Projector\Source\ComponentEditor\Documents\ComponentDocument.cpp">
      <Filter>Source Files</Filter>
    </ClCompile>
    <ClCompile Include="D:\SRC\Hackett\HFrame\HExtras\Projector\Source\ComponentEditor\GeneratedCode.cpp">
      <Filter>Source Files</Filter>
    </ClCompile>
    <ClCompile Include="D:\SRC\Hackett\HFrame\HExtras\Projector\Source\ComponentEditor\JucerDocument.cpp">
      <Filter>Source Files</Filter>
    </ClCompile>
    <ClCompile Include="D:\SRC\Hackett\HFrame\HExtras\Projector\Source\ComponentEditor\ObjectTypes.cpp">
      <Filter>Source Files</Filter>
    </ClCompile>
    <ClCompile Include="D:\SRC\Hackett\HFrame\HExtras\Projector\Source\ComponentEditor\PaintElements\ColouredElement.cpp">
      <Filter>Source Files</Filter>
    </ClCompile>
    <ClCompile Include="D:\SRC\Hackett\HFrame\HExtras\Projector\Source\ComponentEditor\PaintElements\PaintElement.cpp">
      <Filter>Source Files</Filter>
    </ClCompile>
    <ClCompile Include="D:\SRC\Hackett\HFrame\HExtras\Projector\Source\ComponentEditor\PaintElements\PaintElementGroup.cpp">
      <Filter>Source Files</Filter>
    </ClCompile>
    <ClCompile Include="D:\SRC\Hackett\HFrame\HExtras\Projector\Source\ComponentEditor\PaintElements\PaintElementImage.cpp">
      <Filter>Source Files</Filter>
    </ClCompile>
    <ClCompile Include="D:\SRC\Hackett\HFrame\HExtras\Projector\Source\ComponentEditor\PaintElements\PaintElementPath.cpp">
      <Filter>Source Files</Filter>
    </ClCompile>
    <ClCompile Include="D:\SRC\Hackett\HFrame\HExtras\Projector\Source\ComponentEditor\PaintRoutine.cpp">
      <Filter>Source Files</Filter>
    </ClCompile>
    <ClCompile Include="D:\SRC\Hackett\HFrame\HExtras\Projector\Source\ComponentEditor\UI\ComponentLayoutEditor.cpp">
      <Filter>Source Files</Filter>
    </ClCompile>
    <ClCompile Include="D:\SRC\Hackett\HFrame\HExtras\Projector\Source\ComponentEditor\UI\ComponentOverlayComponent.cpp">
      <Filter>Source Files</Filter>
    </ClCompile>
    <ClCompile Include="D:\SRC\Hackett\HFrame\HExtras\Projector\Source\ComponentEditor\UI\EditingPanelBase.cpp">
      <Filter>Source Files</Filter>
    </ClCompile>
    <ClCompile Include="D:\SRC\Hackett\HFrame\HExtras\Projector\Source\ComponentEditor\UI\JucerDocumentEditor.cpp">
      <Filter>Source Files</Filter>
    </ClCompile>
    <ClCompile Include="D:\SRC\Hackett\HFrame\HExtras\Projector\Source\ComponentEditor\UI\PaintRoutineEditor.cpp">
      <Filter>Source Files</Filter>
    </ClCompile>
    <ClCompile Include="D:\SRC\Hackett\HFrame\HExtras\Projector\Source\ComponentEditor\UI\PaintRoutinePanel.cpp">
      <Filter>Source Files</Filter>
    </ClCompile>
    <ClCompile Include="D:\SRC\Hackett\HFrame\HExtras\Projector\Source\ComponentEditor\UI\ResourceEditorPanel.cpp">
      <Filter>Source Files</Filter>
    </ClCompile>
    <ClCompile Include="D:\SRC\Hackett\HFrame\HExtras\Projector\Source\ComponentEditor\UI\TestComponent.cpp">
      <Filter>Source Files</Filter>
    </ClCompile>
    <ClCompile Include="D:\SRC\Hackett\HFrame\HExtras\Projector\Source\Licenses\LicenseController.cpp">
      <Filter>Source Files</Filter>
    </ClCompile>
    <ClCompile Include="D:\SRC\Hackett\HFrame\HExtras\Projector\Source\LiveBuildEngine\CompileEngineClient.cpp">
      <Filter>Source Files</Filter>
    </ClCompile>
    <ClCompile Include="D:\SRC\Hackett\HFrame\HExtras\Projector\Source\LiveBuildEngine\CompileEngineServer.cpp">
      <Filter>Source Files</Filter>
    </ClCompile>
    <ClCompile Include="D:\SRC\Hackett\HFrame\HExtras\Projector\Source\LiveBuildEngine\DownloadCompileEngineThread.cpp">
      <Filter>Source Files</Filter>
    </ClCompile>
    <ClCompile Include="D:\SRC\Hackett\HFrame\HExtras\Projector\Source\Project\Module.cpp">
      <Filter>Source Files</Filter>
    </ClCompile>
    <ClCompile Include="D:\SRC\Hackett\HFrame\HExtras\Projector\Source\Project\Project.cpp">
      <Filter>Source Files</Filter>
    </ClCompile>
    <ClCompile Include="D:\SRC\Hackett\HFrame\HExtras\Projector\Source\Project\UI\HeaderComponent.cpp">
      <Filter>Source Files</Filter>
    </ClCompile>
    <ClCompile Include="D:\SRC\Hackett\HFrame\HExtras\Projector\Source\Project\UI\ProjectContentComponent.cpp">
      <Filter>Source Files</Filter>
    </ClCompile>
    <ClCompile Include="D:\SRC\Hackett\HFrame\HExtras\Projector\Source\ProjectSaving\ProjectExporter.cpp">
      <Filter>Source Files</Filter>
    </ClCompile>
    <ClCompile Include="D:\SRC\Hackett\HFrame\HExtras\Projector\Source\ProjectSaving\ProjectSaver.cpp">
      <Filter>Source Files</Filter>
    </ClCompile>
    <ClCompile Include="D:\SRC\Hackett\HFrame\HExtras\Projector\Source\ProjectSaving\ResourceFile.cpp">
      <Filter>Source Files</Filter>
    </ClCompile>
    <ClCompile Include="D:\SRC\Hackett\HFrame\HExtras\Projector\Source\Settings\AppearanceSettings.cpp">
      <Filter>Source Files</Filter>
    </ClCompile>
    <ClCompile Include="D:\SRC\Hackett\HFrame\HExtras\Projector\Source\Settings\StoredSettings.cpp">
      <Filter>Source Files</Filter>
    </ClCompile>
    <ClCompile Include="D:\SRC\Hackett\HFrame\HExtras\Projector\Source\Utility\Helpers\CodeHelpers.cpp">
      <Filter>Source Files</Filter>
    </ClCompile>
    <ClCompile Include="D:\SRC\Hackett\HFrame\HExtras\Projector\Source\Utility\Helpers\FileHelpers.cpp">
      <Filter>Source Files</Filter>
    </ClCompile>
    <ClCompile Include="D:\SRC\Hackett\HFrame\HExtras\Projector\Source\Utility\Helpers\MiscUtilities.cpp">
      <Filter>Source Files</Filter>
    </ClCompile>
    <ClCompile Include="D:\SRC\Hackett\HFrame\HExtras\Projector\Source\Utility\PIPs\PIPGenerator.cpp">
      <Filter>Source Files</Filter>
    </ClCompile>
    <ClCompile Include="D:\SRC\Hackett\HFrame\HExtras\Projector\Source\Utility\UI\Icons.cpp">
      <Filter>Source Files</Filter>
    </ClCompile>
    <ClCompile Include="D:\SRC\Hackett\HFrame\HExtras\Projector\Source\Utility\UI\JucerTreeViewBase.cpp">
      <Filter>Source Files</Filter>
    </ClCompile>
    <ClCompile Include="D:\SRC\Hackett\HFrame\HExtras\Projector\Source\Utility\UI\ProjectorLookAndFeel.cpp">
      <Filter>Source Files</Filter>
    </ClCompile>
    <ClCompile Include="D:\SRC\Hackett\HFrame\HExtras\Projector\Source\Utility\UI\SlidingPanelComponent.cpp">
      <Filter>Source Files</Filter>
    </ClCompile>
    <ClCompile Include="D:\SRC\Hackett\HFrame\HExtras\Projector\Source\Wizards\NewFileWizard.cpp">
      <Filter>Source Files</Filter>
    </ClCompile>
    <ClCompile Include="D:\SRC\Hackett\HFrame\HExtras\Projector\Source\Wizards\NewProjectWizardClasses.cpp">
      <Filter>Source Files</Filter>
    </ClCompile>
  </ItemGroup>
  <ItemGroup>
    <ClInclude Include="D:\SRC\Hackett\HFrame\HExtras\Projector\JuceLibraryCode\AppConfig.h">
      <Filter>Header Files</Filter>
    </ClInclude>
    <ClInclude Include="D:\SRC\Hackett\HFrame\HExtras\Projector\JuceLibraryCode\BinaryData.h">
      <Filter>Header Files</Filter>
    </ClInclude>
    <ClInclude Include="D:\SRC\Hackett\HFrame\HExtras\Projector\JuceLibraryCode\JuceHeader.h">
      <Filter>Header Files</Filter>
    </ClInclude>
    <ClInclude Include="D:\SRC\Hackett\HFrame\HExtras\Projector\Source\Application\Application.h">
      <Filter>Header Files</Filter>
    </ClInclude>
    <ClInclude Include="D:\SRC\Hackett\HFrame\HExtras\Projector\Source\Application\AutoUpdater.h">
      <Filter>Header Files</Filter>
    </ClInclude>
    <ClInclude Include="D:\SRC\Hackett\HFrame\HExtras\Projector\Source\Application\CommandIDs.h">
      <Filter>Header Files</Filter>
    </ClInclude>
    <ClInclude Include="D:\SRC\Hackett\HFrame\HExtras\Projector\Source\Application\CommandLine.h">
      <Filter>Header Files</Filter>
    </ClInclude>
    <ClInclude Include="D:\SRC\Hackett\HFrame\HExtras\Projector\Source\Application\CommonHeaders.h">
      <Filter>Header Files</Filter>
    </ClInclude>
    <ClInclude Include="D:\SRC\Hackett\HFrame\HExtras\Projector\Source\Application\Headers.h">
      <Filter>Header Files</Filter>
    </ClInclude>
    <ClInclude Include="D:\SRC\Hackett\HFrame\HExtras\Projector\Source\Application\MainWindow.h">
      <Filter>Header Files</Filter>
    </ClInclude>
    <ClInclude Include="D:\SRC\Hackett\HFrame\HExtras\Projector\Source\Application\ProjectorAnalytics.h">
      <Filter>Header Files</Filter>
    </ClInclude>
    <ClInclude Include="D:\SRC\Hackett\HFrame\HExtras\Projector\Source\Application\Windows\AboutWindowComponent.h">
      <Filter>Header Files</Filter>
    </ClInclude>
    <ClInclude Include="D:\SRC\Hackett\HFrame\HExtras\Projector\Source\Application\Windows\ApplicationUsageDataWindowComponent.h">
      <Filter>Header Files</Filter>
    </ClInclude>
    <ClInclude Include="D:\SRC\Hackett\HFrame\HExtras\Projector\Source\Application\Windows\EditorColourSchemeWindowComponent.h">
      <Filter>Header Files</Filter>
    </ClInclude>
    <ClInclude Include="D:\SRC\Hackett\HFrame\HExtras\Projector\Source\Application\Windows\FloatingToolWindow.h">
      <Filter>Header Files</Filter>
    </ClInclude>
    <ClInclude Include="D:\SRC\Hackett\HFrame\HExtras\Projector\Source\Application\Windows\GlobalPathsWindowComponent.h">
      <Filter>Header Files</Filter>
    </ClInclude>
    <ClInclude Include="D:\SRC\Hackett\HFrame\HExtras\Projector\Source\Application\Windows\PIPCreatorWindowComponent.h">
      <Filter>Header Files</Filter>
    </ClInclude>
    <ClInclude Include="D:\SRC\Hackett\HFrame\HExtras\Projector\Source\Application\Windows\SVGPathDataWindowComponent.h">
      <Filter>Header Files</Filter>
    </ClInclude>
    <ClInclude Include="D:\SRC\Hackett\HFrame\HExtras\Projector\Source\Application\Windows\TranslationToolWindowComponent.h">
      <Filter>Header Files</Filter>
    </ClInclude>
    <ClInclude Include="D:\SRC\Hackett\HFrame\HExtras\Projector\Source\Application\Windows\UTF8WindowComponent.h">
      <Filter>Header Files</Filter>
    </ClInclude>
    <ClInclude Include="D:\SRC\Hackett\HFrame\HExtras\Projector\Source\BinaryData\Templates\AnimatedComponentSimpleTemplate.h">
      <Filter>Header Files</Filter>
    </ClInclude>
    <ClInclude Include="D:\SRC\Hackett\HFrame\HExtras\Projector\Source\BinaryData\Templates\AnimatedComponentTemplate.h">
      <Filter>Header Files</Filter>
    </ClInclude>
    <ClInclude Include="D:\SRC\Hackett\HFrame\HExtras\Projector\Source\BinaryData\Templates\AudioComponentSimpleTemplate.h">
      <Filter>Header Files</Filter>
    </ClInclude>
    <ClInclude Include="D:\SRC\Hackett\HFrame\HExtras\Projector\Source\BinaryData\Templates\AudioComponentTemplate.h">
      <Filter>Header Files</Filter>
    </ClInclude>
    <ClInclude Include="D:\SRC\Hackett\HFrame\HExtras\Projector\Source\BinaryData\Templates\AudioPluginEditorTemplate.h">
      <Filter>Header Files</Filter>
    </ClInclude>
    <ClInclude Include="D:\SRC\Hackett\HFrame\HExtras\Projector\Source\BinaryData\Templates\AudioPluginFilterTemplate.h">
      <Filter>Header Files</Filter>
    </ClInclude>
    <ClInclude Include="D:\SRC\Hackett\HFrame\HExtras\Projector\Source\BinaryData\Templates\ComponentTemplate.h">
      <Filter>Header Files</Filter>
    </ClInclude>
    <ClInclude Include="D:\SRC\Hackett\HFrame\HExtras\Projector\Source\BinaryData\Templates\ContentCompSimpleTemplate.h">
      <Filter>Header Files</Filter>
    </ClInclude>
    <ClInclude Include="D:\SRC\Hackett\HFrame\HExtras\Projector\Source\BinaryData\Templates\ContentCompTemplate.h">
      <Filter>Header Files</Filter>
    </ClInclude>
    <ClInclude Include="D:\SRC\Hackett\HFrame\HExtras\Projector\Source\BinaryData\Templates\InlineComponentTemplate.h">
      <Filter>Header Files</Filter>
    </ClInclude>
    <ClInclude Include="D:\SRC\Hackett\HFrame\HExtras\Projector\Source\BinaryData\Templates\NewComponentTemplate.h">
      <Filter>Header Files</Filter>
    </ClInclude>
    <ClInclude Include="D:\SRC\Hackett\HFrame\HExtras\Projector\Source\BinaryData\Templates\NewCppFileTemplate.h">
      <Filter>Header Files</Filter>
    </ClInclude>
    <ClInclude Include="D:\SRC\Hackett\HFrame\HExtras\Projector\Source\BinaryData\Templates\NewInlineComponentTemplate.h">
      <Filter>Header Files</Filter>
    </ClInclude>
    <ClInclude Include="D:\SRC\Hackett\HFrame\HExtras\Projector\Source\BinaryData\Templates\OpenGLComponentSimpleTemplate.h">
      <Filter>Header Files</Filter>
    </ClInclude>
    <ClInclude Include="D:\SRC\Hackett\HFrame\HExtras\Projector\Source\BinaryData\Templates\OpenGLComponentTemplate.h">
      <Filter>Header Files</Filter>
    </ClInclude>
    <ClInclude Include="D:\SRC\Hackett\HFrame\HExtras\Projector\Source\BinaryData\Templates\PIPAudioProcessorTemplate.h">
      <Filter>Header Files</Filter>
    </ClInclude>
    <ClInclude Include="D:\SRC\Hackett\HFrame\HExtras\Projector\Source\BinaryData\Templates\PIPTemplate.h">
      <Filter>Header Files</Filter>
    </ClInclude>
    <ClInclude Include="D:\SRC\Hackett\HFrame\HExtras\Projector\Source\CodeEditor\DocumentEditorComponent.h">
      <Filter>Header Files</Filter>
    </ClInclude>
    <ClInclude Include="D:\SRC\Hackett\HFrame\HExtras\Projector\Source\CodeEditor\ItemPreviewComponent.h">
      <Filter>Header Files</Filter>
    </ClInclude>
    <ClInclude Include="D:\SRC\Hackett\HFrame\HExtras\Projector\Source\CodeEditor\LiveBuildCodeEditor.h">
      <Filter>Header Files</Filter>
    </ClInclude>
    <ClInclude Include="D:\SRC\Hackett\HFrame\HExtras\Projector\Source\CodeEditor\OpenDocumentManager.h">
      <Filter>Header Files</Filter>
    </ClInclude>
    <ClInclude Include="D:\SRC\Hackett\HFrame\HExtras\Projector\Source\CodeEditor\SourceCodeEditor.h">
      <Filter>Header Files</Filter>
    </ClInclude>
    <ClInclude Include="D:\SRC\Hackett\HFrame\HExtras\Projector\Source\ComponentEditor\BinaryResources.h">
      <Filter>Header Files</Filter>
    </ClInclude>
    <ClInclude Include="D:\SRC\Hackett\HFrame\HExtras\Projector\Source\ComponentEditor\ComponentLayout.h">
      <Filter>Header Files</Filter>
    </ClInclude>
    <ClInclude Include="D:\SRC\Hackett\HFrame\HExtras\Projector\Source\ComponentEditor\Components\ButtonHandler.h">
      <Filter>Header Files</Filter>
    </ClInclude>
    <ClInclude Include="D:\SRC\Hackett\HFrame\HExtras\Projector\Source\ComponentEditor\Components\ComboBoxHandler.h">
      <Filter>Header Files</Filter>
    </ClInclude>
    <ClInclude Include="D:\SRC\Hackett\HFrame\HExtras\Projector\Source\ComponentEditor\Components\ComponentNameProperty.h">
      <Filter>Header Files</Filter>
    </ClInclude>
    <ClInclude Include="D:\SRC\Hackett\HFrame\HExtras\Projector\Source\ComponentEditor\Components\ComponentTypeHandler.h">
      <Filter>Header Files</Filter>
    </ClInclude>
    <ClInclude Include="D:\SRC\Hackett\HFrame\HExtras\Projector\Source\ComponentEditor\Components\ComponentUndoableAction.h">
      <Filter>Header Files</Filter>
    </ClInclude>
    <ClInclude Include="D:\SRC\Hackett\HFrame\HExtras\Projector\Source\ComponentEditor\Components\GenericComponentHandler.h">
      <Filter>Header Files</Filter>
    </ClInclude>
    <ClInclude Include="D:\SRC\Hackett\HFrame\HExtras\Projector\Source\ComponentEditor\Components\GroupComponentHandler.h">
      <Filter>Header Files</Filter>
    </ClInclude>
    <ClInclude Include="D:\SRC\Hackett\HFrame\HExtras\Projector\Source\ComponentEditor\Components\HyperlinkButtonHandler.h">
      <Filter>Header Files</Filter>
    </ClInclude>
    <ClInclude Include="D:\SRC\Hackett\HFrame\HExtras\Projector\Source\ComponentEditor\Components\ImageButtonHandler.h">
      <Filter>Header Files</Filter>
    </ClInclude>
    <ClInclude Include="D:\SRC\Hackett\HFrame\HExtras\Projector\Source\ComponentEditor\Components\JucerComponentHandler.h">
      <Filter>Header Files</Filter>
    </ClInclude>
    <ClInclude Include="D:\SRC\Hackett\HFrame\HExtras\Projector\Source\ComponentEditor\Components\LabelHandler.h">
      <Filter>Header Files</Filter>
    </ClInclude>
    <ClInclude Include="D:\SRC\Hackett\HFrame\HExtras\Projector\Source\ComponentEditor\Components\SliderHandler.h">
      <Filter>Header Files</Filter>
    </ClInclude>
    <ClInclude Include="D:\SRC\Hackett\HFrame\HExtras\Projector\Source\ComponentEditor\Components\TabbedComponentHandler.h">
      <Filter>Header Files</Filter>
    </ClInclude>
    <ClInclude Include="D:\SRC\Hackett\HFrame\HExtras\Projector\Source\ComponentEditor\Components\TextButtonHandler.h">
      <Filter>Header Files</Filter>
    </ClInclude>
    <ClInclude Include="D:\SRC\Hackett\HFrame\HExtras\Projector\Source\ComponentEditor\Components\TextEditorHandler.h">
      <Filter>Header Files</Filter>
    </ClInclude>
    <ClInclude Include="D:\SRC\Hackett\HFrame\HExtras\Projector\Source\ComponentEditor\Components\ToggleButtonHandler.h">
      <Filter>Header Files</Filter>
    </ClInclude>
    <ClInclude Include="D:\SRC\Hackett\HFrame\HExtras\Projector\Source\ComponentEditor\Components\TreeViewHandler.h">
      <Filter>Header Files</Filter>
    </ClInclude>
    <ClInclude Include="D:\SRC\Hackett\HFrame\HExtras\Projector\Source\ComponentEditor\Components\ViewportHandler.h">
      <Filter>Header Files</Filter>
    </ClInclude>
    <ClInclude Include="D:\SRC\Hackett\HFrame\HExtras\Projector\Source\ComponentEditor\Documents\ButtonDocument.h">
      <Filter>Header Files</Filter>
    </ClInclude>
    <ClInclude Include="D:\SRC\Hackett\HFrame\HExtras\Projector\Source\ComponentEditor\Documents\ComponentDocument.h">
      <Filter>Header Files</Filter>
    </ClInclude>
    <ClInclude Include="D:\SRC\Hackett\HFrame\HExtras\Projector\Source\ComponentEditor\GeneratedCode.h">
      <Filter>Header Files</Filter>
    </ClInclude>
    <ClInclude Include="D:\SRC\Hackett\HFrame\HExtras\Projector\Source\ComponentEditor\JucerDocument.h">
      <Filter>Header Files</Filter>
    </ClInclude>
    <ClInclude Include="D:\SRC\Hackett\HFrame\HExtras\Projector\Source\ComponentEditor\ObjectTypes.h">
      <Filter>Header Files</Filter>
    </ClInclude>
    <ClInclude Include="D:\SRC\Hackett\HFrame\HExtras\Projector\Source\ComponentEditor\PaintElements\ColouredElement.h">
      <Filter>Header Files</Filter>
    </ClInclude>
    <ClInclude Include="D:\SRC\Hackett\HFrame\HExtras\Projector\Source\ComponentEditor\PaintElements\ElementSiblingComponent.h">
      <Filter>Header Files</Filter>
    </ClInclude>
    <ClInclude Include="D:\SRC\Hackett\HFrame\HExtras\Projector\Source\ComponentEditor\PaintElements\FillType.h">
      <Filter>Header Files</Filter>
    </ClInclude>
    <ClInclude Include="D:\SRC\Hackett\HFrame\HExtras\Projector\Source\ComponentEditor\PaintElements\GradientPointComponent.h">
      <Filter>Header Files</Filter>
    </ClInclude>
    <ClInclude Include="D:\SRC\Hackett\HFrame\HExtras\Projector\Source\ComponentEditor\PaintElements\ImageResourceProperty.h">
      <Filter>Header Files</Filter>
    </ClInclude>
    <ClInclude Include="D:\SRC\Hackett\HFrame\HExtras\Projector\Source\ComponentEditor\PaintElements\PaintElement.h">
      <Filter>Header Files</Filter>
    </ClInclude>
    <ClInclude Include="D:\SRC\Hackett\HFrame\HExtras\Projector\Source\ComponentEditor\PaintElements\PaintElementEllipse.h">
      <Filter>Header Files</Filter>
    </ClInclude>
    <ClInclude Include="D:\SRC\Hackett\HFrame\HExtras\Projector\Source\ComponentEditor\PaintElements\PaintElementGroup.h">
      <Filter>Header Files</Filter>
    </ClInclude>
    <ClInclude Include="D:\SRC\Hackett\HFrame\HExtras\Projector\Source\ComponentEditor\PaintElements\PaintElementImage.h">
      <Filter>Header Files</Filter>
    </ClInclude>
    <ClInclude Include="D:\SRC\Hackett\HFrame\HExtras\Projector\Source\ComponentEditor\PaintElements\PaintElementPath.h">
      <Filter>Header Files</Filter>
    </ClInclude>
    <ClInclude Include="D:\SRC\Hackett\HFrame\HExtras\Projector\Source\ComponentEditor\PaintElements\PaintElementRectangle.h">
      <Filter>Header Files</Filter>
    </ClInclude>
    <ClInclude Include="D:\SRC\Hackett\HFrame\HExtras\Projector\Source\ComponentEditor\PaintElements\PaintElementRoundedRectangle.h">
      <Filter>Header Files</Filter>
    </ClInclude>
    <ClInclude Include="D:\SRC\Hackett\HFrame\HExtras\Projector\Source\ComponentEditor\PaintElements\PaintElementText.h">
      <Filter>Header Files</Filter>
    </ClInclude>
    <ClInclude Include="D:\SRC\Hackett\HFrame\HExtras\Projector\Source\ComponentEditor\PaintElements\PaintElementUndoableAction.h">
      <Filter>Header Files</Filter>
    </ClInclude>
    <ClInclude Include="D:\SRC\Hackett\HFrame\HExtras\Projector\Source\ComponentEditor\PaintElements\PointComponent.h">
      <Filter>Header Files</Filter>
    </ClInclude>
    <ClInclude Include="D:\SRC\Hackett\HFrame\HExtras\Projector\Source\ComponentEditor\PaintElements\StrokeType.h">
      <Filter>Header Files</Filter>
    </ClInclude>
    <ClInclude Include="D:\SRC\Hackett\HFrame\HExtras\Projector\Source\ComponentEditor\PaintRoutine.h">
      <Filter>Header Files</Filter>
    </ClInclude>
    <ClInclude Include="D:\SRC\Hackett\HFrame\HExtras\Projector\Source\ComponentEditor\Properties\ColourPropertyComponent.h">
      <Filter>Header Files</Filter>
    </ClInclude>
    <ClInclude Include="D:\SRC\Hackett\HFrame\HExtras\Projector\Source\ComponentEditor\Properties\ComponentBooleanProperty.h">
      <Filter>Header Files</Filter>
    </ClInclude>
    <ClInclude Include="D:\SRC\Hackett\HFrame\HExtras\Projector\Source\ComponentEditor\Properties\ComponentChoiceProperty.h">
      <Filter>Header Files</Filter>
    </ClInclude>
    <ClInclude Include="D:\SRC\Hackett\HFrame\HExtras\Projector\Source\ComponentEditor\Properties\ComponentColourProperty.h">
      <Filter>Header Files</Filter>
    </ClInclude>
    <ClInclude Include="D:\SRC\Hackett\HFrame\HExtras\Projector\Source\ComponentEditor\Properties\ComponentTextProperty.h">
      <Filter>Header Files</Filter>
    </ClInclude>
    <ClInclude Include="D:\SRC\Hackett\HFrame\HExtras\Projector\Source\ComponentEditor\Properties\FilePropertyComponent.h">
      <Filter>Header Files</Filter>
    </ClInclude>
    <ClInclude Include="D:\SRC\Hackett\HFrame\HExtras\Projector\Source\ComponentEditor\Properties\FontPropertyComponent.h">
      <Filter>Header Files</Filter>
    </ClInclude>
    <ClInclude Include="D:\SRC\Hackett\HFrame\HExtras\Projector\Source\ComponentEditor\Properties\JustificationProperty.h">
      <Filter>Header Files</Filter>
    </ClInclude>
    <ClInclude Include="D:\SRC\Hackett\HFrame\HExtras\Projector\Source\ComponentEditor\Properties\PositionPropertyBase.h">
      <Filter>Header Files</Filter>
    </ClInclude>
    <ClInclude Include="D:\SRC\Hackett\HFrame\HExtras\Projector\Source\ComponentEditor\UI\ComponentLayoutEditor.h">
      <Filter>Header Files</Filter>
    </ClInclude>
    <ClInclude Include="D:\SRC\Hackett\HFrame\HExtras\Projector\Source\ComponentEditor\UI\ComponentLayoutPanel.h">
      <Filter>Header Files</Filter>
    </ClInclude>
    <ClInclude Include="D:\SRC\Hackett\HFrame\HExtras\Projector\Source\ComponentEditor\UI\ComponentOverlayComponent.h">
      <Filter>Header Files</Filter>
    </ClInclude>
    <ClInclude Include="D:\SRC\Hackett\HFrame\HExtras\Projector\Source\ComponentEditor\UI\EditingPanelBase.h">
      <Filter>Header Files</Filter>
    </ClInclude>
    <ClInclude Include="D:\SRC\Hackett\HFrame\HExtras\Projector\Source\ComponentEditor\UI\JucerCommandIDs.h">
      <Filter>Header Files</Filter>
    </ClInclude>
    <ClInclude Include="D:\SRC\Hackett\HFrame\HExtras\Projector\Source\ComponentEditor\UI\JucerDocumentEditor.h">
      <Filter>Header Files</Filter>
    </ClInclude>
    <ClInclude Include="D:\SRC\Hackett\HFrame\HExtras\Projector\Source\ComponentEditor\UI\PaintRoutineEditor.h">
      <Filter>Header Files</Filter>
    </ClInclude>
    <ClInclude Include="D:\SRC\Hackett\HFrame\HExtras\Projector\Source\ComponentEditor\UI\PaintRoutinePanel.h">
      <Filter>Header Files</Filter>
    </ClInclude>
    <ClInclude Include="D:\SRC\Hackett\HFrame\HExtras\Projector\Source\ComponentEditor\UI\RelativePositionedRectangle.h">
      <Filter>Header Files</Filter>
    </ClInclude>
    <ClInclude Include="D:\SRC\Hackett\HFrame\HExtras\Projector\Source\ComponentEditor\UI\ResourceEditorPanel.h">
      <Filter>Header Files</Filter>
    </ClInclude>
    <ClInclude Include="D:\SRC\Hackett\HFrame\HExtras\Projector\Source\ComponentEditor\UI\SnapGridPainter.h">
      <Filter>Header Files</Filter>
    </ClInclude>
    <ClInclude Include="D:\SRC\Hackett\HFrame\HExtras\Projector\Source\ComponentEditor\UI\TestComponent.h">
      <Filter>Header Files</Filter>
    </ClInclude>
    <ClInclude Include="D:\SRC\Hackett\HFrame\HExtras\Projector\Source\ComponentEditor\UtilityFunctions.h">
      <Filter>Header Files</Filter>
    </ClInclude>
    <ClInclude Include="D:\SRC\Hackett\HFrame\HExtras\Projector\Source\Licenses\LicenseController.h">
      <Filter>Header Files</Filter>
    </ClInclude>
    <ClInclude Include="D:\SRC\Hackett\HFrame\HExtras\Projector\Source\Licenses\LicenseThread.h">
      <Filter>Header Files</Filter>
    </ClInclude>
    <ClInclude Include="D:\SRC\Hackett\HFrame\HExtras\Projector\Source\Licenses\LicenseWebview.h">
      <Filter>Header Files</Filter>
    </ClInclude>
    <ClInclude Include="D:\SRC\Hackett\HFrame\HExtras\Projector\Source\LiveBuildEngine\ActivityList.h">
      <Filter>Header Files</Filter>
    </ClInclude>
    <ClInclude Include="D:\SRC\Hackett\HFrame\HExtras\Projector\Source\LiveBuildEngine\ClassDatabase.h">
      <Filter>Header Files</Filter>
    </ClInclude>
    <ClInclude Include="D:\SRC\Hackett\HFrame\HExtras\Projector\Source\LiveBuildEngine\ClientServerMessages.h">
      <Filter>Header Files</Filter>
    </ClInclude>
    <ClInclude Include="D:\SRC\Hackett\HFrame\HExtras\Projector\Source\LiveBuildEngine\CompileEngineClient.h">
      <Filter>Header Files</Filter>
    </ClInclude>
    <ClInclude Include="D:\SRC\Hackett\HFrame\HExtras\Projector\Source\LiveBuildEngine\CompileEngineDLL.h">
      <Filter>Header Files</Filter>
    </ClInclude>
    <ClInclude Include="D:\SRC\Hackett\HFrame\HExtras\Projector\Source\LiveBuildEngine\CompileEngineServer.h">
      <Filter>Header Files</Filter>
    </ClInclude>
    <ClInclude Include="D:\SRC\Hackett\HFrame\HExtras\Projector\Source\LiveBuildEngine\CompileEngineSettings.h">
      <Filter>Header Files</Filter>
    </ClInclude>
    <ClInclude Include="D:\SRC\Hackett\HFrame\HExtras\Projector\Source\LiveBuildEngine\CppHelpers.h">
      <Filter>Header Files</Filter>
    </ClInclude>
    <ClInclude Include="D:\SRC\Hackett\HFrame\HExtras\Projector\Source\LiveBuildEngine\DiagnosticMessage.h">
      <Filter>Header Files</Filter>
    </ClInclude>
    <ClInclude Include="D:\SRC\Hackett\HFrame\HExtras\Projector\Source\LiveBuildEngine\DownloadCompileEngineThread.h">
      <Filter>Header Files</Filter>
    </ClInclude>
    <ClInclude Include="D:\SRC\Hackett\HFrame\HExtras\Projector\Source\LiveBuildEngine\ErrorList.h">
      <Filter>Header Files</Filter>
    </ClInclude>
    <ClInclude Include="D:\SRC\Hackett\HFrame\HExtras\Projector\Source\LiveBuildEngine\LiveCodeBuilderDLL.h">
      <Filter>Header Files</Filter>
    </ClInclude>
    <ClInclude Include="D:\SRC\Hackett\HFrame\HExtras\Projector\Source\LiveBuildEngine\MessageIDs.h">
      <Filter>Header Files</Filter>
    </ClInclude>
    <ClInclude Include="D:\SRC\Hackett\HFrame\HExtras\Projector\Source\LiveBuildEngine\ProjectBuildInfo.h">
      <Filter>Header Files</Filter>
    </ClInclude>
    <ClInclude Include="D:\SRC\Hackett\HFrame\HExtras\Projector\Source\LiveBuildEngine\SourceCodeRange.h">
      <Filter>Header Files</Filter>
    </ClInclude>
    <ClInclude Include="D:\SRC\Hackett\HFrame\HExtras\Projector\Source\LiveBuildEngine\UI\ActivityListComponent.h">
      <Filter>Header Files</Filter>
    </ClInclude>
    <ClInclude Include="D:\SRC\Hackett\HFrame\HExtras\Projector\Source\LiveBuildEngine\UI\BuildTabStatusComponent.h">
      <Filter>Header Files</Filter>
    </ClInclude>
    <ClInclude Include="D:\SRC\Hackett\HFrame\HExtras\Projector\Source\LiveBuildEngine\UI\ComponentListComponent.h">
      <Filter>Header Files</Filter>
    </ClInclude>
    <ClInclude Include="D:\SRC\Hackett\HFrame\HExtras\Projector\Source\LiveBuildEngine\UI\ErrorListComponent.h">
      <Filter>Header Files</Filter>
    </ClInclude>
    <ClInclude Include="D:\SRC\Hackett\HFrame\HExtras\Projector\Source\Project\Module.h">
      <Filter>Header Files</Filter>
    </ClInclude>
    <ClInclude Include="D:\SRC\Hackett\HFrame\HExtras\Projector\Source\Project\Project.h">
      <Filter>Header Files</Filter>
    </ClInclude>
    <ClInclude Include="D:\SRC\Hackett\HFrame\HExtras\Projector\Source\Project\ProjectType.h">
      <Filter>Header Files</Filter>
    </ClInclude>
    <ClInclude Include="D:\SRC\Hackett\HFrame\HExtras\Projector\Source\Project\UI\ContentViewComponents.h">
      <Filter>Header Files</Filter>
    </ClInclude>
    <ClInclude Include="D:\SRC\Hackett\HFrame\HExtras\Projector\Source\Project\UI\FileGroupInformationComponent.h">
      <Filter>Header Files</Filter>
    </ClInclude>
    <ClInclude Include="D:\SRC\Hackett\HFrame\HExtras\Projector\Source\Project\UI\HeaderComponent.h">
      <Filter>Header Files</Filter>
    </ClInclude>
    <ClInclude Include="D:\SRC\Hackett\HFrame\HExtras\Projector\Source\Project\UI\ModulesInformationComponent.h">
      <Filter>Header Files</Filter>
    </ClInclude>
    <ClInclude Include="D:\SRC\Hackett\HFrame\HExtras\Projector\Source\Project\UI\ProjectContentComponent.h">
      <Filter>Header Files</Filter>
    </ClInclude>
    <ClInclude Include="D:\SRC\Hackett\HFrame\HExtras\Projector\Source\Project\UI\Sidebar\ExporterTreeItems.h">
      <Filter>Header Files</Filter>
    </ClInclude>
    <ClInclude Include="D:\SRC\Hackett\HFrame\HExtras\Projector\Source\Project\UI\Sidebar\FileTreeItems.h">
      <Filter>Header Files</Filter>
    </ClInclude>
    <ClInclude Include="D:\SRC\Hackett\HFrame\HExtras\Projector\Source\Project\UI\Sidebar\LiveBuildTab.h">
      <Filter>Header Files</Filter>
    </ClInclude>
    <ClInclude Include="D:\SRC\Hackett\HFrame\HExtras\Projector\Source\Project\UI\Sidebar\ModuleTreeItems.h">
      <Filter>Header Files</Filter>
    </ClInclude>
    <ClInclude Include="D:\SRC\Hackett\HFrame\HExtras\Projector\Source\Project\UI\Sidebar\ProjectTab.h">
      <Filter>Header Files</Filter>
    </ClInclude>
    <ClInclude Include="D:\SRC\Hackett\HFrame\HExtras\Projector\Source\Project\UI\Sidebar\ProjectTreeItemBase.h">
      <Filter>Header Files</Filter>
    </ClInclude>
    <ClInclude Include="D:\SRC\Hackett\HFrame\HExtras\Projector\Source\Project\UI\Sidebar\TabComponents.h">
      <Filter>Header Files</Filter>
    </ClInclude>
    <ClInclude Include="D:\SRC\Hackett\HFrame\HExtras\Projector\Source\Project\UI\Sidebar\TreeItemTypes.h">
      <Filter>Header Files</Filter>
    </ClInclude>
    <ClInclude Include="D:\SRC\Hackett\HFrame\HExtras\Projector\Source\ProjectSaving\ProjectExport_Android.h">
      <Filter>Header Files</Filter>
    </ClInclude>
    <ClInclude Include="D:\SRC\Hackett\HFrame\HExtras\Projector\Source\ProjectSaving\ProjectExport_CLion.h">
      <Filter>Header Files</Filter>
    </ClInclude>
    <ClInclude Include="D:\SRC\Hackett\HFrame\HExtras\Projector\Source\ProjectSaving\ProjectExport_CodeBlocks.h">
      <Filter>Header Files</Filter>
    </ClInclude>
    <ClInclude Include="D:\SRC\Hackett\HFrame\HExtras\Projector\Source\ProjectSaving\ProjectExport_MSVC.h">
      <Filter>Header Files</Filter>
    </ClInclude>
    <ClInclude Include="D:\SRC\Hackett\HFrame\HExtras\Projector\Source\ProjectSaving\ProjectExport_Make.h">
      <Filter>Header Files</Filter>
    </ClInclude>
    <ClInclude Include="D:\SRC\Hackett\HFrame\HExtras\Projector\Source\ProjectSaving\ProjectExport_Xcode.h">
      <Filter>Header Files</Filter>
    </ClInclude>
    <ClInclude Include="D:\SRC\Hackett\HFrame\HExtras\Projector\Source\ProjectSaving\ProjectExporter.h">
      <Filter>Header Files</Filter>
    </ClInclude>
    <ClInclude Include="D:\SRC\Hackett\HFrame\HExtras\Projector\Source\ProjectSaving\ProjectSaver.h">
      <Filter>Header Files</Filter>
    </ClInclude>
    <ClInclude Include="D:\SRC\Hackett\HFrame\HExtras\Projector\Source\ProjectSaving\ResourceFile.h">
      <Filter>Header Files</Filter>
    </ClInclude>
    <ClInclude Include="D:\SRC\Hackett\HFrame\HExtras\Projector\Source\ProjectSaving\XcodeProjectParser.h">
      <Filter>Header Files</Filter>
    </ClInclude>
    <ClInclude Include="D:\SRC\Hackett\HFrame\HExtras\Projector\Source\Settings\AppearanceSettings.h">
      <Filter>Header Files</Filter>
    </ClInclude>
    <ClInclude Include="D:\SRC\Hackett\HFrame\HExtras\Projector\Source\Settings\StoredSettings.h">
      <Filter>Header Files</Filter>
    </ClInclude>
    <ClInclude Include="D:\SRC\Hackett\HFrame\HExtras\Projector\Source\Utility\Helpers\CodeHelpers.h">
      <Filter>Header Files</Filter>
    </ClInclude>
    <ClInclude Include="D:\SRC\Hackett\HFrame\HExtras\Projector\Source\Utility\Helpers\Colours.h">
      <Filter>Header Files</Filter>
    </ClInclude>
    <ClInclude Include="D:\SRC\Hackett\HFrame\HExtras\Projector\Source\Utility\Helpers\FileHelpers.h">
      <Filter>Header Files</Filter>
    </ClInclude>
    <ClInclude Include="D:\SRC\Hackett\HFrame\HExtras\Projector\Source\Utility\Helpers\MiscUtilities.h">
      <Filter>Header Files</Filter>
    </ClInclude>
    <ClInclude Include="D:\SRC\Hackett\HFrame\HExtras\Projector\Source\Utility\Helpers\PresetIDs.h">
      <Filter>Header Files</Filter>
    </ClInclude>
    <ClInclude Include="D:\SRC\Hackett\HFrame\HExtras\Projector\Source\Utility\Helpers\RelativePath.h">
      <Filter>Header Files</Filter>
    </ClInclude>
    <ClInclude Include="D:\SRC\Hackett\HFrame\HExtras\Projector\Source\Utility\Helpers\TranslationHelpers.h">
      <Filter>Header Files</Filter>
    </ClInclude>
    <ClInclude Include="D:\SRC\Hackett\HFrame\HExtras\Projector\Source\Utility\Helpers\ValueSourceHelpers.h">
      <Filter>Header Files</Filter>
    </ClInclude>
    <ClInclude Include="D:\SRC\Hackett\HFrame\HExtras\Projector\Source\Utility\PIPs\PIPGenerator.h">
      <Filter>Header Files</Filter>
    </ClInclude>
    <ClInclude Include="D:\SRC\Hackett\HFrame\HExtras\Projector\Source\Utility\UI\IconButton.h">
      <Filter>Header Files</Filter>
    </ClInclude>
    <ClInclude Include="D:\SRC\Hackett\HFrame\HExtras\Projector\Source\Utility\UI\Icons.h">
      <Filter>Header Files</Filter>
    </ClInclude>
    <ClInclude Include="D:\SRC\Hackett\HFrame\HExtras\Projector\Source\Utility\UI\JucerTreeViewBase.h">
      <Filter>Header Files</Filter>
    </ClInclude>
    <ClInclude Include="D:\SRC\Hackett\HFrame\HExtras\Projector\Source\Utility\UI\ProjectorLookAndFeel.h">
      <Filter>Header Files</Filter>
    </ClInclude>
    <ClInclude Include="D:\SRC\Hackett\HFrame\HExtras\Projector\Source\Utility\UI\PropertyComponents\ColourPropertyComponent.h">
      <Filter>Header Files</Filter>
    </ClInclude>
    <ClInclude Include="D:\SRC\Hackett\HFrame\HExtras\Projector\Source\Utility\UI\PropertyComponents\FilePathPropertyComponent.h">
      <Filter>Header Files</Filter>
    </ClInclude>
    <ClInclude Include="D:\SRC\Hackett\HFrame\HExtras\Projector\Source\Utility\UI\PropertyComponents\LabelPropertyComponent.h">
      <Filter>Header Files</Filter>
    </ClInclude>
    <ClInclude Include="D:\SRC\Hackett\HFrame\HExtras\Projector\Source\Utility\UI\PropertyComponents\PropertyComponentsWithEnablement.h">
      <Filter>Header Files</Filter>
    </ClInclude>
    <ClInclude Include="D:\SRC\Hackett\HFrame\HExtras\Projector\Source\Utility\UI\SlidingPanelComponent.h">
      <Filter>Header Files</Filter>
    </ClInclude>
    <ClInclude Include="D:\SRC\Hackett\HFrame\HExtras\Projector\Source\Utility\UI\UserSettingsPopup.h">
      <Filter>Header Files</Filter>
    </ClInclude>
    <ClInclude Include="D:\SRC\Hackett\HFrame\HExtras\Projector\Source\Wizards\NewFileWizard.h">
      <Filter>Header Files</Filter>
    </ClInclude>
    <ClInclude Include="D:\SRC\Hackett\HFrame\HExtras\Projector\Source\Wizards\NewProjectWizard.h">
      <Filter>Header Files</Filter>
    </ClInclude>
    <ClInclude Include="D:\SRC\Hackett\HFrame\HExtras\Projector\Source\Wizards\NewProjectWizardClasses.h">
      <Filter>Header Files</Filter>
    </ClInclude>
    <ClInclude Include="D:\SRC\Hackett\HFrame\HExtras\Projector\Source\Wizards\NewProjectWizardComponent.h">
      <Filter>Header Files</Filter>
    </ClInclude>
    <ClInclude Include="D:\SRC\Hackett\HFrame\HExtras\Projector\Source\Wizards\ProjectWizard_Animated.h">
      <Filter>Header Files</Filter>
    </ClInclude>
    <ClInclude Include="D:\SRC\Hackett\HFrame\HExtras\Projector\Source\Wizards\ProjectWizard_AudioApp.h">
      <Filter>Header Files</Filter>
    </ClInclude>
    <ClInclude Include="D:\SRC\Hackett\HFrame\HExtras\Projector\Source\Wizards\ProjectWizard_AudioPlugin.h">
      <Filter>Header Files</Filter>
    </ClInclude>
    <ClInclude Include="D:\SRC\Hackett\HFrame\HExtras\Projector\Source\Wizards\ProjectWizard_Blank.h">
      <Filter>Header Files</Filter>
    </ClInclude>
    <ClInclude Include="D:\SRC\Hackett\HFrame\HExtras\Projector\Source\Wizards\ProjectWizard_Console.h">
      <Filter>Header Files</Filter>
    </ClInclude>
    <ClInclude Include="D:\SRC\Hackett\HFrame\HExtras\Projector\Source\Wizards\ProjectWizard_DLL.h">
      <Filter>Header Files</Filter>
    </ClInclude>
    <ClInclude Include="D:\SRC\Hackett\HFrame\HExtras\Projector\Source\Wizards\ProjectWizard_GUIApp.h">
      <Filter>Header Files</Filter>
    </ClInclude>
    <ClInclude Include="D:\SRC\Hackett\HFrame\HExtras\Projector\Source\Wizards\ProjectWizard_StaticLibrary.h">
      <Filter>Header Files</Filter>
    </ClInclude>
    <ClInclude Include="D:\SRC\Hackett\HFrame\HExtras\Projector\Source\Wizards\ProjectWizard_openGL.h">
      <Filter>Header Files</Filter>
    </ClInclude>
    <ClInclude Include="D:\SRC\Hackett\HFrame\HExtras\Projector\Source\Wizards\StartPageComponent.h">
      <Filter>Header Files</Filter>
    </ClInclude>
    <ClInclude Include="D:\SRC\Hackett\HFrame\HExtras\Projector\Source\Wizards\TemplateThumbnailsComponent.h">
      <Filter>Header Files</Filter>
    </ClInclude>
  </ItemGroup>
  <ItemGroup>
    <CustomBuild Include="D:\SRC\Hackett\HFrame\HExtras\CMakeLists.txt" />
  </ItemGroup>
  <ItemGroup>
    <Filter Include="Header Files">
      <UniqueIdentifier>{D2F9A494-6C11-38B9-A90E-5993EDDD2C87}</UniqueIdentifier>
    </Filter>
    <Filter Include="Source Files">
      <UniqueIdentifier>{211C770E-3D88-3536-B830-8D45F1A0E0A1}</UniqueIdentifier>
    </Filter>
  </ItemGroup>
</Project>
