<?xml version="1.0" encoding="utf-8"?>
<Project ToolsVersion="16.0" xmlns="http://schemas.microsoft.com/developer/msbuild/2003">
  <ItemGroup>
    <ClCompile Include="D:\SRC\Hackett\HFrame\HExample\Assets\Box2DTests\TestEntries.cpp">
      <Filter>Source Files</Filter>
    </ClCompile>
  </ItemGroup>
  <ItemGroup>
    <ClInclude Include="D:\SRC\Hackett\HFrame\HExample\Assets\AudioLiveScrollingDisplay.h">
      <Filter>Header Files</Filter>
    </ClInclude>
    <ClInclude Include="D:\SRC\Hackett\HFrame\HExample\Assets\Box2DTests\AddPair.h">
      <Filter>Header Files</Filter>
    </ClInclude>
    <ClInclude Include="D:\SRC\Hackett\HFrame\HExample\Assets\Box2DTests\ApplyForce.h">
      <Filter>Header Files</Filter>
    </ClInclude>
    <ClInclude Include="D:\SRC\Hackett\HFrame\HExample\Assets\Box2DTests\BodyTypes.h">
      <Filter>Header Files</Filter>
    </ClInclude>
    <ClInclude Include="D:\SRC\Hackett\HFrame\HExample\Assets\Box2DTests\Breakable.h">
      <Filter>Header Files</Filter>
    </ClInclude>
    <ClInclude Include="D:\SRC\Hackett\HFrame\HExample\Assets\Box2DTests\Bridge.h">
      <Filter>Header Files</Filter>
    </ClInclude>
    <ClInclude Include="D:\SRC\Hackett\HFrame\HExample\Assets\Box2DTests\BulletTest.h">
      <Filter>Header Files</Filter>
    </ClInclude>
    <ClInclude Include="D:\SRC\Hackett\HFrame\HExample\Assets\Box2DTests\Cantilever.h">
      <Filter>Header Files</Filter>
    </ClInclude>
    <ClInclude Include="D:\SRC\Hackett\HFrame\HExample\Assets\Box2DTests\Car.h">
      <Filter>Header Files</Filter>
    </ClInclude>
    <ClInclude Include="D:\SRC\Hackett\HFrame\HExample\Assets\Box2DTests\Chain.h">
      <Filter>Header Files</Filter>
    </ClInclude>
    <ClInclude Include="D:\SRC\Hackett\HFrame\HExample\Assets\Box2DTests\CharacterCollision.h">
      <Filter>Header Files</Filter>
    </ClInclude>
    <ClInclude Include="D:\SRC\Hackett\HFrame\HExample\Assets\Box2DTests\CollisionFiltering.h">
      <Filter>Header Files</Filter>
    </ClInclude>
    <ClInclude Include="D:\SRC\Hackett\HFrame\HExample\Assets\Box2DTests\CollisionProcessing.h">
      <Filter>Header Files</Filter>
    </ClInclude>
    <ClInclude Include="D:\SRC\Hackett\HFrame\HExample\Assets\Box2DTests\CompoundShapes.h">
      <Filter>Header Files</Filter>
    </ClInclude>
    <ClInclude Include="D:\SRC\Hackett\HFrame\HExample\Assets\Box2DTests\Confined.h">
      <Filter>Header Files</Filter>
    </ClInclude>
    <ClInclude Include="D:\SRC\Hackett\HFrame\HExample\Assets\Box2DTests\ContinuousTest.h">
      <Filter>Header Files</Filter>
    </ClInclude>
    <ClInclude Include="D:\SRC\Hackett\HFrame\HExample\Assets\Box2DTests\DistanceTest.h">
      <Filter>Header Files</Filter>
    </ClInclude>
    <ClInclude Include="D:\SRC\Hackett\HFrame\HExample\Assets\Box2DTests\Dominos.h">
      <Filter>Header Files</Filter>
    </ClInclude>
    <ClInclude Include="D:\SRC\Hackett\HFrame\HExample\Assets\Box2DTests\DumpShell.h">
      <Filter>Header Files</Filter>
    </ClInclude>
    <ClInclude Include="D:\SRC\Hackett\HFrame\HExample\Assets\Box2DTests\DynamicTreeTest.h">
      <Filter>Header Files</Filter>
    </ClInclude>
    <ClInclude Include="D:\SRC\Hackett\HFrame\HExample\Assets\Box2DTests\EdgeShapes.h">
      <Filter>Header Files</Filter>
    </ClInclude>
    <ClInclude Include="D:\SRC\Hackett\HFrame\HExample\Assets\Box2DTests\EdgeTest.h">
      <Filter>Header Files</Filter>
    </ClInclude>
    <ClInclude Include="D:\SRC\Hackett\HFrame\HExample\Assets\Box2DTests\Gears.h">
      <Filter>Header Files</Filter>
    </ClInclude>
    <ClInclude Include="D:\SRC\Hackett\HFrame\HExample\Assets\Box2DTests\OneSidedPlatform.h">
      <Filter>Header Files</Filter>
    </ClInclude>
    <ClInclude Include="D:\SRC\Hackett\HFrame\HExample\Assets\Box2DTests\Pinball.h">
      <Filter>Header Files</Filter>
    </ClInclude>
    <ClInclude Include="D:\SRC\Hackett\HFrame\HExample\Assets\Box2DTests\PolyCollision.h">
      <Filter>Header Files</Filter>
    </ClInclude>
    <ClInclude Include="D:\SRC\Hackett\HFrame\HExample\Assets\Box2DTests\PolyShapes.h">
      <Filter>Header Files</Filter>
    </ClInclude>
    <ClInclude Include="D:\SRC\Hackett\HFrame\HExample\Assets\Box2DTests\Prismatic.h">
      <Filter>Header Files</Filter>
    </ClInclude>
    <ClInclude Include="D:\SRC\Hackett\HFrame\HExample\Assets\Box2DTests\Pulleys.h">
      <Filter>Header Files</Filter>
    </ClInclude>
    <ClInclude Include="D:\SRC\Hackett\HFrame\HExample\Assets\Box2DTests\Pyramid.h">
      <Filter>Header Files</Filter>
    </ClInclude>
    <ClInclude Include="D:\SRC\Hackett\HFrame\HExample\Assets\Box2DTests\RayCast.h">
      <Filter>Header Files</Filter>
    </ClInclude>
    <ClInclude Include="D:\SRC\Hackett\HFrame\HExample\Assets\Box2DTests\Revolute.h">
      <Filter>Header Files</Filter>
    </ClInclude>
    <ClInclude Include="D:\SRC\Hackett\HFrame\HExample\Assets\Box2DTests\Rope.h">
      <Filter>Header Files</Filter>
    </ClInclude>
    <ClInclude Include="D:\SRC\Hackett\HFrame\HExample\Assets\Box2DTests\RopeJoint.h">
      <Filter>Header Files</Filter>
    </ClInclude>
    <ClInclude Include="D:\SRC\Hackett\HFrame\HExample\Assets\Box2DTests\SensorTest.h">
      <Filter>Header Files</Filter>
    </ClInclude>
    <ClInclude Include="D:\SRC\Hackett\HFrame\HExample\Assets\Box2DTests\ShapeEditing.h">
      <Filter>Header Files</Filter>
    </ClInclude>
    <ClInclude Include="D:\SRC\Hackett\HFrame\HExample\Assets\Box2DTests\SliderCrank.h">
      <Filter>Header Files</Filter>
    </ClInclude>
    <ClInclude Include="D:\SRC\Hackett\HFrame\HExample\Assets\Box2DTests\SphereStack.h">
      <Filter>Header Files</Filter>
    </ClInclude>
    <ClInclude Include="D:\SRC\Hackett\HFrame\HExample\Assets\Box2DTests\TheoJansen.h">
      <Filter>Header Files</Filter>
    </ClInclude>
    <ClInclude Include="D:\SRC\Hackett\HFrame\HExample\Assets\Box2DTests\Tiles.h">
      <Filter>Header Files</Filter>
    </ClInclude>
    <ClInclude Include="D:\SRC\Hackett\HFrame\HExample\Assets\Box2DTests\TimeOfImpact.h">
      <Filter>Header Files</Filter>
    </ClInclude>
    <ClInclude Include="D:\SRC\Hackett\HFrame\HExample\Assets\Box2DTests\Tumbler.h">
      <Filter>Header Files</Filter>
    </ClInclude>
    <ClInclude Include="D:\SRC\Hackett\HFrame\HExample\Assets\Box2DTests\VaryingFriction.h">
      <Filter>Header Files</Filter>
    </ClInclude>
    <ClInclude Include="D:\SRC\Hackett\HFrame\HExample\Assets\Box2DTests\VaryingRestitution.h">
      <Filter>Header Files</Filter>
    </ClInclude>
    <ClInclude Include="D:\SRC\Hackett\HFrame\HExample\Assets\Box2DTests\VerticalStack.h">
      <Filter>Header Files</Filter>
    </ClInclude>
    <ClInclude Include="D:\SRC\Hackett\HFrame\HExample\Assets\Box2DTests\Web.h">
      <Filter>Header Files</Filter>
    </ClInclude>
    <ClInclude Include="D:\SRC\Hackett\HFrame\HExample\Assets\DSPDemos_Common.h">
      <Filter>Header Files</Filter>
    </ClInclude>
    <ClInclude Include="D:\SRC\Hackett\HFrame\HExample\Assets\DemoUtilities.h">
      <Filter>Header Files</Filter>
    </ClInclude>
    <ClInclude Include="D:\SRC\Hackett\HFrame\HExample\Assets\WavefrontObjParser.h">
      <Filter>Header Files</Filter>
    </ClInclude>
  </ItemGroup>
  <ItemGroup>
    <CustomBuild Include="D:\SRC\Hackett\HFrame\HExample\CMakeLists.txt" />
  </ItemGroup>
  <ItemGroup>
    <Filter Include="Header Files">
      <UniqueIdentifier>{D2F9A494-6C11-38B9-A90E-5993EDDD2C87}</UniqueIdentifier>
    </Filter>
    <Filter Include="Source Files">
      <UniqueIdentifier>{211C770E-3D88-3536-B830-8D45F1A0E0A1}</UniqueIdentifier>
    </Filter>
  </ItemGroup>
</Project>
